// !$*UTF8*$!
{
	archiveVersion = 1;
	classes = {
	};
	objectVersion = 56;
	objects = {

/* Begin PBXBuildFile section */
		F946105B29942474008CD417 /* Mapper_000.hpp in Headers */ = {isa = PBXBuildFile; fileRef = F946104D29942473008CD417 /* Mapper_000.hpp */; };
		F946105C29942474008CD417 /* Mapper_004.hpp in Headers */ = {isa = PBXBuildFile; fileRef = F946104E29942473008CD417 /* Mapper_004.hpp */; };
		F946105D29942474008CD417 /* Mapper.hpp in Headers */ = {isa = PBXBuildFile; fileRef = F946104F29942473008CD417 /* Mapper.hpp */; };
		F946105E29942474008CD417 /* Mapper_002.hpp in Headers */ = {isa = PBXBuildFile; fileRef = F946105029942473008CD417 /* Mapper_002.hpp */; };
		F946105F29942474008CD417 /* Mapper_001.cpp in Sources */ = {isa = PBXBuildFile; fileRef = F946105129942473008CD417 /* Mapper_001.cpp */; };
		F946106029942474008CD417 /* Mapper_002.cpp in Sources */ = {isa = PBXBuildFile; fileRef = F946105229942473008CD417 /* Mapper_002.cpp */; };
		F946106129942474008CD417 /* Mapper_000.cpp in Sources */ = {isa = PBXBuildFile; fileRef = F946105329942473008CD417 /* Mapper_000.cpp */; };
		F946106229942474008CD417 /* Mapper_001.hpp in Headers */ = {isa = PBXBuildFile; fileRef = F946105429942473008CD417 /* Mapper_001.hpp */; };
		F946106329942474008CD417 /* Mapper_003.hpp in Headers */ = {isa = PBXBuildFile; fileRef = F946105529942473008CD417 /* Mapper_003.hpp */; };
		F946106429942474008CD417 /* Mapper_066.cpp in Sources */ = {isa = PBXBuildFile; fileRef = F946105629942473008CD417 /* Mapper_066.cpp */; };
		F946106529942474008CD417 /* Mapper.cpp in Sources */ = {isa = PBXBuildFile; fileRef = F946105729942473008CD417 /* Mapper.cpp */; };
		F946106629942474008CD417 /* Mapper_004.cpp in Sources */ = {isa = PBXBuildFile; fileRef = F946105829942473008CD417 /* Mapper_004.cpp */; };
		F946106729942474008CD417 /* Mapper_066.hpp in Headers */ = {isa = PBXBuildFile; fileRef = F946105929942473008CD417 /* Mapper_066.hpp */; };
		F946106829942474008CD417 /* Mapper_003.cpp in Sources */ = {isa = PBXBuildFile; fileRef = F946105A29942473008CD417 /* Mapper_003.cpp */; };
		F94610712994249C008CD417 /* Cartridge.cpp in Sources */ = {isa = PBXBuildFile; fileRef = F94610692994249C008CD417 /* Cartridge.cpp */; };
		F94610722994249C008CD417 /* APU.cpp in Sources */ = {isa = PBXBuildFile; fileRef = F946106A2994249C008CD417 /* APU.cpp */; };
		F94610732994249C008CD417 /* PPU.hpp in Headers */ = {isa = PBXBuildFile; fileRef = F946106B2994249C008CD417 /* PPU.hpp */; };
		F94610742994249C008CD417 /* Graphics.cpp in Sources */ = {isa = PBXBuildFile; fileRef = F946106C2994249C008CD417 /* Graphics.cpp */; };
		F94610752994249C008CD417 /* Cartridge.hpp in Headers */ = {isa = PBXBuildFile; fileRef = F946106D2994249C008CD417 /* Cartridge.hpp */; };
		F94610762994249C008CD417 /* PPU.cpp in Sources */ = {isa = PBXBuildFile; fileRef = F946106E2994249C008CD417 /* PPU.cpp */; };
		F94610772994249C008CD417 /* Graphics.hpp in Headers */ = {isa = PBXBuildFile; fileRef = F946106F2994249C008CD417 /* Graphics.hpp */; };
		F94610782994249C008CD417 /* APU.hpp in Headers */ = {isa = PBXBuildFile; fileRef = F94610702994249C008CD417 /* APU.hpp */; };
		F946107B29942530008CD417 /* libProcessor.a in Frameworks */ = {isa = PBXBuildFile; fileRef = F946107A29942530008CD417 /* libProcessor.a */; };
		F946107E29943148008CD417 /* Bus.cpp in Sources */ = {isa = PBXBuildFile; fileRef = F946107C29943148008CD417 /* Bus.cpp */; };
		F946107F29943148008CD417 /* Bus.hpp in Headers */ = {isa = PBXBuildFile; fileRef = F946107D29943148008CD417 /* Bus.hpp */; };
/* End PBXBuildFile section */

/* Begin PBXFileReference section */
		F946104D29942473008CD417 /* Mapper_000.hpp */ = {isa = PBXFileReference; fileEncoding = 4; lastKnownFileType = sourcecode.cpp.h; path = Mapper_000.hpp; sourceTree = SOURCE_ROOT; };
		F946104E29942473008CD417 /* Mapper_004.hpp */ = {isa = PBXFileReference; fileEncoding = 4; lastKnownFileType = sourcecode.cpp.h; path = Mapper_004.hpp; sourceTree = SOURCE_ROOT; };
		F946104F29942473008CD417 /* Mapper.hpp */ = {isa = PBXFileReference; fileEncoding = 4; lastKnownFileType = sourcecode.cpp.h; path = Mapper.hpp; sourceTree = SOURCE_ROOT; };
		F946105029942473008CD417 /* Mapper_002.hpp */ = {isa = PBXFileReference; fileEncoding = 4; lastKnownFileType = sourcecode.cpp.h; path = Mapper_002.hpp; sourceTree = SOURCE_ROOT; };
		F946105129942473008CD417 /* Mapper_001.cpp */ = {isa = PBXFileReference; fileEncoding = 4; lastKnownFileType = sourcecode.cpp.cpp; path = Mapper_001.cpp; sourceTree = SOURCE_ROOT; };
		F946105229942473008CD417 /* Mapper_002.cpp */ = {isa = PBXFileReference; fileEncoding = 4; lastKnownFileType = sourcecode.cpp.cpp; path = Mapper_002.cpp; sourceTree = SOURCE_ROOT; };
		F946105329942473008CD417 /* Mapper_000.cpp */ = {isa = PBXFileReference; fileEncoding = 4; lastKnownFileType = sourcecode.cpp.cpp; path = Mapper_000.cpp; sourceTree = SOURCE_ROOT; };
		F946105429942473008CD417 /* Mapper_001.hpp */ = {isa = PBXFileReference; fileEncoding = 4; lastKnownFileType = sourcecode.cpp.h; path = Mapper_001.hpp; sourceTree = SOURCE_ROOT; };
		F946105529942473008CD417 /* Mapper_003.hpp */ = {isa = PBXFileReference; fileEncoding = 4; lastKnownFileType = sourcecode.cpp.h; path = Mapper_003.hpp; sourceTree = SOURCE_ROOT; };
		F946105629942473008CD417 /* Mapper_066.cpp */ = {isa = PBXFileReference; fileEncoding = 4; lastKnownFileType = sourcecode.cpp.cpp; path = Mapper_066.cpp; sourceTree = SOURCE_ROOT; };
		F946105729942473008CD417 /* Mapper.cpp */ = {isa = PBXFileReference; fileEncoding = 4; lastKnownFileType = sourcecode.cpp.cpp; path = Mapper.cpp; sourceTree = SOURCE_ROOT; };
		F946105829942473008CD417 /* Mapper_004.cpp */ = {isa = PBXFileReference; fileEncoding = 4; lastKnownFileType = sourcecode.cpp.cpp; path = Mapper_004.cpp; sourceTree = SOURCE_ROOT; };
		F946105929942473008CD417 /* Mapper_066.hpp */ = {isa = PBXFileReference; fileEncoding = 4; lastKnownFileType = sourcecode.cpp.h; path = Mapper_066.hpp; sourceTree = SOURCE_ROOT; };
		F946105A29942473008CD417 /* Mapper_003.cpp */ = {isa = PBXFileReference; fileEncoding = 4; lastKnownFileType = sourcecode.cpp.cpp; path = Mapper_003.cpp; sourceTree = SOURCE_ROOT; };
		F94610692994249C008CD417 /* Cartridge.cpp */ = {isa = PBXFileReference; fileEncoding = 4; lastKnownFileType = sourcecode.cpp.cpp; path = Cartridge.cpp; sourceTree = SOURCE_ROOT; };
		F946106A2994249C008CD417 /* APU.cpp */ = {isa = PBXFileReference; fileEncoding = 4; lastKnownFileType = sourcecode.cpp.cpp; path = APU.cpp; sourceTree = SOURCE_ROOT; };
		F946106B2994249C008CD417 /* PPU.hpp */ = {isa = PBXFileReference; fileEncoding = 4; lastKnownFileType = sourcecode.cpp.h; path = PPU.hpp; sourceTree = SOURCE_ROOT; };
		F946106C2994249C008CD417 /* Graphics.cpp */ = {isa = PBXFileReference; fileEncoding = 4; lastKnownFileType = sourcecode.cpp.cpp; path = Graphics.cpp; sourceTree = SOURCE_ROOT; };
		F946106D2994249C008CD417 /* Cartridge.hpp */ = {isa = PBXFileReference; fileEncoding = 4; lastKnownFileType = sourcecode.cpp.h; path = Cartridge.hpp; sourceTree = SOURCE_ROOT; };
		F946106E2994249C008CD417 /* PPU.cpp */ = {isa = PBXFileReference; fileEncoding = 4; lastKnownFileType = sourcecode.cpp.cpp; path = PPU.cpp; sourceTree = SOURCE_ROOT; };
		F946106F2994249C008CD417 /* Graphics.hpp */ = {isa = PBXFileReference; fileEncoding = 4; lastKnownFileType = sourcecode.cpp.h; path = Graphics.hpp; sourceTree = SOURCE_ROOT; };
		F94610702994249C008CD417 /* APU.hpp */ = {isa = PBXFileReference; fileEncoding = 4; lastKnownFileType = sourcecode.cpp.h; path = APU.hpp; sourceTree = SOURCE_ROOT; };
		F946107A29942530008CD417 /* libProcessor.a */ = {isa = PBXFileReference; explicitFileType = archive.ar; path = libProcessor.a; sourceTree = BUILT_PRODUCTS_DIR; };
		F946107C29943148008CD417 /* Bus.cpp */ = {isa = PBXFileReference; lastKnownFileType = sourcecode.cpp.cpp; path = Bus.cpp; sourceTree = "<group>"; };
		F946107D29943148008CD417 /* Bus.hpp */ = {isa = PBXFileReference; lastKnownFileType = sourcecode.cpp.h; path = Bus.hpp; sourceTree = "<group>"; };
		F97F0480299421F000775250 /* libNES.a */ = {isa = PBXFileReference; explicitFileType = archive.ar; includeInIndex = 0; path = libNES.a; sourceTree = BUILT_PRODUCTS_DIR; };
/* End PBXFileReference section */

/* Begin PBXFrameworksBuildPhase section */
		F97F047E299421F000775250 /* Frameworks */ = {
			isa = PBXFrameworksBuildPhase;
			buildActionMask = 2147483647;
			files = (
				F946107B29942530008CD417 /* libProcessor.a in Frameworks */,
			);
			runOnlyForDeploymentPostprocessing = 0;
		};
/* End PBXFrameworksBuildPhase section */

/* Begin PBXGroup section */
		F946104729942408008CD417 /* NES */ = {
			isa = PBXGroup;
			children = (
				F946104B29942441008CD417 /* Misc */,
				F946104929942429008CD417 /* Source Files */,
				F946104A29942433008CD417 /* Header Files */,
			);
			name = NES;
			sourceTree = SOURCE_ROOT;
		};
		F946104929942429008CD417 /* Source Files */ = {
			isa = PBXGroup;
			children = (
				F946106A2994249C008CD417 /* APU.cpp */,
				F94610692994249C008CD417 /* Cartridge.cpp */,
				F946106C2994249C008CD417 /* Graphics.cpp */,
				F946106E2994249C008CD417 /* PPU.cpp */,
				F946107C29943148008CD417 /* Bus.cpp */,
			);
			name = "Source Files";
			sourceTree = "<group>";
		};
		F946104A29942433008CD417 /* Header Files */ = {
			isa = PBXGroup;
			children = (
				F94610702994249C008CD417 /* APU.hpp */,
				F946107D29943148008CD417 /* Bus.hpp */,
				F946106D2994249C008CD417 /* Cartridge.hpp */,
				F946106F2994249C008CD417 /* Graphics.hpp */,
				F946106B2994249C008CD417 /* PPU.hpp */,
			);
			name = "Header Files";
			sourceTree = "<group>";
		};
		F946104B29942441008CD417 /* Misc */ = {
			isa = PBXGroup;
			children = (
				F946104C29942447008CD417 /* Mappers */,
			);
			name = Misc;
			sourceTree = "<group>";
		};
		F946104C29942447008CD417 /* Mappers */ = {
			isa = PBXGroup;
			children = (
				F946105329942473008CD417 /* Mapper_000.cpp */,
				F946104D29942473008CD417 /* Mapper_000.hpp */,
				F946105129942473008CD417 /* Mapper_001.cpp */,
				F946105429942473008CD417 /* Mapper_001.hpp */,
				F946105229942473008CD417 /* Mapper_002.cpp */,
				F946105029942473008CD417 /* Mapper_002.hpp */,
				F946105A29942473008CD417 /* Mapper_003.cpp */,
				F946105529942473008CD417 /* Mapper_003.hpp */,
				F946105829942473008CD417 /* Mapper_004.cpp */,
				F946104E29942473008CD417 /* Mapper_004.hpp */,
				F946105629942473008CD417 /* Mapper_066.cpp */,
				F946105929942473008CD417 /* Mapper_066.hpp */,
				F946105729942473008CD417 /* Mapper.cpp */,
				F946104F29942473008CD417 /* Mapper.hpp */,
			);
			name = Mappers;
			sourceTree = "<group>";
		};
		F946107929942530008CD417 /* Frameworks */ = {
			isa = PBXGroup;
			children = (
				F946107A29942530008CD417 /* libProcessor.a */,
			);
			name = Frameworks;
			sourceTree = "<group>";
		};
		F97F0477299421F000775250 = {
			isa = PBXGroup;
			children = (
				F946104729942408008CD417 /* NES */,
				F97F0481299421F000775250 /* Products */,
				F946107929942530008CD417 /* Frameworks */,
			);
			sourceTree = "<group>";
		};
		F97F0481299421F000775250 /* Products */ = {
			isa = PBXGroup;
			children = (
				F97F0480299421F000775250 /* libNES.a */,
			);
			name = Products;
			sourceTree = "<group>";
		};
/* End PBXGroup section */

/* Begin PBXHeadersBuildPhase section */
		F97F047C299421F000775250 /* Headers */ = {
			isa = PBXHeadersBuildPhase;
			buildActionMask = 2147483647;
			files = (
				F946105D29942474008CD417 /* Mapper.hpp in Headers */,
				F94610752994249C008CD417 /* Cartridge.hpp in Headers */,
				F946105C29942474008CD417 /* Mapper_004.hpp in Headers */,
				F946107F29943148008CD417 /* Bus.hpp in Headers */,
				F94610772994249C008CD417 /* Graphics.hpp in Headers */,
				F94610732994249C008CD417 /* PPU.hpp in Headers */,
				F94610782994249C008CD417 /* APU.hpp in Headers */,
				F946105E29942474008CD417 /* Mapper_002.hpp in Headers */,
				F946106329942474008CD417 /* Mapper_003.hpp in Headers */,
				F946106229942474008CD417 /* Mapper_001.hpp in Headers */,
				F946106729942474008CD417 /* Mapper_066.hpp in Headers */,
				F946105B29942474008CD417 /* Mapper_000.hpp in Headers */,
			);
			runOnlyForDeploymentPostprocessing = 0;
		};
/* End PBXHeadersBuildPhase section */

/* Begin PBXNativeTarget section */
		F97F047F299421F000775250 /* NES */ = {
			isa = PBXNativeTarget;
			buildConfigurationList = F97F0484299421F000775250 /* Build configuration list for PBXNativeTarget "NES" */;
			buildPhases = (
				F97F047C299421F000775250 /* Headers */,
				F97F047D299421F000775250 /* Sources */,
				F97F047E299421F000775250 /* Frameworks */,
			);
			buildRules = (
			);
			dependencies = (
			);
			name = NES;
			productName = 6502_NES;
			productReference = F97F0480299421F000775250 /* libNES.a */;
			productType = "com.apple.product-type.library.static";
		};
/* End PBXNativeTarget section */

/* Begin PBXProject section */
		F97F0478299421F000775250 /* Project object */ = {
			isa = PBXProject;
			attributes = {
				BuildIndependentTargetsInParallel = 1;
				LastUpgradeCheck = 1420;
				TargetAttributes = {
					F97F047F299421F000775250 = {
						CreatedOnToolsVersion = 14.2;
					};
				};
			};
			buildConfigurationList = F97F047B299421F000775250 /* Build configuration list for PBXProject "6502_NES" */;
			compatibilityVersion = "Xcode 14.0";
			developmentRegion = en;
			hasScannedForEncodings = 0;
			knownRegions = (
				en,
				Base,
			);
			mainGroup = F97F0477299421F000775250;
			productRefGroup = F97F0481299421F000775250 /* Products */;
			projectDirPath = ../../NES;
			projectRoot = "";
			targets = (
				F97F047F299421F000775250 /* NES */,
			);
		};
/* End PBXProject section */

/* Begin PBXSourcesBuildPhase section */
		F97F047D299421F000775250 /* Sources */ = {
			isa = PBXSourcesBuildPhase;
			buildActionMask = 2147483647;
			files = (
				F94610722994249C008CD417 /* APU.cpp in Sources */,
				F946105F29942474008CD417 /* Mapper_001.cpp in Sources */,
				F946106629942474008CD417 /* Mapper_004.cpp in Sources */,
				F946106829942474008CD417 /* Mapper_003.cpp in Sources */,
				F94610712994249C008CD417 /* Cartridge.cpp in Sources */,
				F946106029942474008CD417 /* Mapper_002.cpp in Sources */,
				F946107E29943148008CD417 /* Bus.cpp in Sources */,
				F946106129942474008CD417 /* Mapper_000.cpp in Sources */,
				F946106429942474008CD417 /* Mapper_066.cpp in Sources */,
				F94610742994249C008CD417 /* Graphics.cpp in Sources */,
				F946106529942474008CD417 /* Mapper.cpp in Sources */,
				F94610762994249C008CD417 /* PPU.cpp in Sources */,
			);
			runOnlyForDeploymentPostprocessing = 0;
		};
/* End PBXSourcesBuildPhase section */

/* Begin XCBuildConfiguration section */
		F97F0482299421F000775250 /* Debug */ = {
			isa = XCBuildConfiguration;
			buildSettings = {
				ALWAYS_SEARCH_USER_PATHS = NO;
				ARCHS = "$(NATIVE_ARCH_ACTUAL)";
				CLANG_ANALYZER_NONNULL = YES_NONAGGRESSIVE;
				CLANG_ANALYZER_NUMBER_OBJECT_CONVERSION = YES;
				CLANG_CXX_LANGUAGE_STANDARD = "gnu++20";
				CLANG_ENABLE_MODULES = YES;
				CLANG_ENABLE_OBJC_ARC = YES;
				CLANG_ENABLE_OBJC_WEAK = YES;
				CLANG_WARN_BLOCK_CAPTURE_AUTORELEASING = YES;
				CLANG_WARN_COMMA = YES;
				CLANG_WARN_DOCUMENTATION_COMMENTS = YES;
				CLANG_WARN_EMPTY_BODY = YES;
				CLANG_WARN_QUOTED_INCLUDE_IN_FRAMEWORK_HEADER = YES;
				CLANG_WARN_STRICT_PROTOTYPES = YES;
				COMBINE_HIDPI_IMAGES = YES;
				COPY_PHASE_STRIP = YES;
				DEBUG = ON;
				DEBUG_INFORMATION_FORMAT = dwarf;
				EMULATE65C02 = ON;
				ENABLE_STRICT_OBJC_MSGSEND = YES;
				ENABLE_TESTABILITY = NO;
				EXECUTABLE_EXTENSION = a;
				EXECUTABLE_PREFIX = lib;
				GCC_C_LANGUAGE_STANDARD = "compiler-default";
				GCC_DYNAMIC_NO_PIC = NO;
				GCC_NO_COMMON_BLOCKS = YES;
				GCC_OPTIMIZATION_LEVEL = 0;
				GCC_PREPROCESSOR_DEFINITIONS = (
					"'CMAKE_INTDIR=\"$(CONFIGURATION)$(EFFECTIVE_PLATFORM_NAME)\"'",
					"LOGMODE=$(LOGMODE)",
					"ILLEGAL=$(ILLEGAL)",
					"DEBUG=$(DEBUG)",
					"EMULATE65C02=$(EMULATE65C02)",
					"'FMT_HEADER_ONLY=1'",
					SPDLOG_FMT_EXTERNAL,
					FMT_SHARED,
				);
				GENERATE_INFOPLIST_FILE = YES;
				HEADER_SEARCH_PATHS = (
					/Users/txc/Projects/CPP/NES,
					/Users/txc/Projects/CPP/Processor,
				);
				ILLEGAL = ON;
				LD_RUNPATH_SEARCH_PATHS = /usr/local/lib;
				LOGMODE = ON;
				MACH_O_TYPE = staticlib;
				MTL_ENABLE_DEBUG_INFO = INCLUDE_SOURCE;
				MTL_FAST_MATH = YES;
				ONLY_ACTIVE_ARCH = YES;
				OTHER_CPLUSPLUSFLAGS = (
					"$(OTHER_CFLAGS)",
					"-DNDEBUG",
				);
				PRODUCT_NAME = "$(TARGET_NAME)";
				SDKROOT = macosx;
				SYMROOT = "/Users/txc/Projects/CPP/build/$(PROJECT_NAME)/$(TARGET_NAME)";
				SYSTEM_HEADER_SEARCH_PATHS = /usr/local/include;
				USE_HEADERMAP = NO;
			};
			name = Debug;
		};
		F97F0483299421F000775250 /* Release */ = {
			isa = XCBuildConfiguration;
			buildSettings = {
				ALWAYS_SEARCH_USER_PATHS = NO;
				ARCHS = "$(NATIVE_ARCH_ACTUAL)";
				CLANG_ANALYZER_NONNULL = YES_NONAGGRESSIVE;
				CLANG_ANALYZER_NUMBER_OBJECT_CONVERSION = YES;
				CLANG_CXX_LANGUAGE_STANDARD = "gnu++20";
				CLANG_ENABLE_MODULES = YES;
				CLANG_ENABLE_OBJC_ARC = YES;
				CLANG_ENABLE_OBJC_WEAK = YES;
				CLANG_WARN_BLOCK_CAPTURE_AUTORELEASING = YES;
				CLANG_WARN_COMMA = YES;
				CLANG_WARN_DOCUMENTATION_COMMENTS = YES;
				CLANG_WARN_EMPTY_BODY = YES;
				CLANG_WARN_QUOTED_INCLUDE_IN_FRAMEWORK_HEADER = YES;
				CLANG_WARN_STRICT_PROTOTYPES = YES;
				COMBINE_HIDPI_IMAGES = YES;
				COPY_PHASE_STRIP = YES;
				DEBUG = OFF;
				DEBUG_INFORMATION_FORMAT = "dwarf-with-dsym";
				EMULATE65C02 = ON;
				ENABLE_NS_ASSERTIONS = NO;
				ENABLE_STRICT_OBJC_MSGSEND = YES;
				EXECUTABLE_EXTENSION = a;
				EXECUTABLE_PREFIX = lib;
				GCC_C_LANGUAGE_STANDARD = "compiler-default";
				GCC_NO_COMMON_BLOCKS = YES;
				GCC_OPTIMIZATION_LEVEL = s;
				GCC_PREPROCESSOR_DEFINITIONS = (
					"'CMAKE_INTDIR=\"$(CONFIGURATION)$(EFFECTIVE_PLATFORM_NAME)\"'",
					"LOGMODE=$(LOGMODE)",
					"ILLEGAL=$(ILLEGAL)",
					"DEBUG=$(DEBUG)",
					"EMULATE65C02=$(EMULATE65C02)",
					"'FMT_HEADER_ONLY=1'",
					SPDLOG_FMT_EXTERNAL,
					FMT_SHARED,
				);
				GENERATE_INFOPLIST_FILE = YES;
				HEADER_SEARCH_PATHS = (
					/Users/txc/Projects/CPP/NES,
					/Users/txc/Projects/CPP/Processor,
				);
				ILLEGAL = ON;
				LD_RUNPATH_SEARCH_PATHS = /usr/local/lib;
				LOGMODE = OFF;
				MACH_O_TYPE = staticlib;
				MTL_ENABLE_DEBUG_INFO = NO;
				MTL_FAST_MATH = YES;
				ONLY_ACTIVE_ARCH = YES;
				OTHER_CPLUSPLUSFLAGS = (
					"$(OTHER_CFLAGS)",
					"-DNDEBUG",
				);
				PRODUCT_NAME = "$(TARGET_NAME)";
				SDKROOT = macosx;
				SYMROOT = "/Users/txc/Projects/CPP/build/$(PROJECT_NAME)/$(TARGET_NAME)";
				SYSTEM_HEADER_SEARCH_PATHS = /usr/local/include;
				USE_HEADERMAP = NO;
			};
			name = Release;
		};
		F97F0485299421F000775250 /* Debug */ = {
			isa = XCBuildConfiguration;
			buildSettings = {
				CODE_SIGN_STYLE = Automatic;
				PRODUCT_NAME = "$(TARGET_NAME)";
				SKIP_INSTALL = YES;
			};
			name = Debug;
		};
		F97F0486299421F000775250 /* Release */ = {
			isa = XCBuildConfiguration;
			buildSettings = {
				CODE_SIGN_STYLE = Automatic;
				PRODUCT_NAME = "$(TARGET_NAME)";
				SKIP_INSTALL = YES;
			};
			name = Release;
		};
/* End XCBuildConfiguration section */

/* Begin XCConfigurationList section */
		F97F047B299421F000775250 /* Build configuration list for PBXProject "6502_NES" */ = {
			isa = XCConfigurationList;
			buildConfigurations = (
				F97F0482299421F000775250 /* Debug */,
				F97F0483299421F000775250 /* Release */,
			);
			defaultConfigurationIsVisible = 0;
			defaultConfigurationName = Release;
		};
		F97F0484299421F000775250 /* Build configuration list for PBXNativeTarget "NES" */ = {
			isa = XCConfigurationList;
			buildConfigurations = (
				F97F0485299421F000775250 /* Debug */,
				F97F0486299421F000775250 /* Release */,
			);
			defaultConfigurationIsVisible = 0;
			defaultConfigurationName = Release;
		};
/* End XCConfigurationList section */
	};
	rootObject = F97F0478299421F000775250 /* Project object */;
}
