// !$*UTF8*$!
{
	archiveVersion = 1;
	classes = {
	};
	objectVersion = 46;
	objects = {

/* Begin PBXBuildFile section */
		083FD1C4F58046F4BA226F7C /* FunctionalProcessorTests.cpp in Sources */ = {isa = PBXBuildFile; fileRef = FBFA10F217AC4205BE0DC9A4 /* FunctionalProcessorTests.cpp */; };
		D3B579E1CE674813AD28F283 /* ProcessorTests.cpp in Sources */ = {isa = PBXBuildFile; fileRef = 769C6979E02A4B76B57ADDC5 /* ProcessorTests.cpp */; };
		F9BAE4A82991A92700648F7A /* libProcessor.a in Frameworks */ = {isa = PBXBuildFile; fileRef = F9BAE4A72991A92700648F7A /* libProcessor.a */; };
		FA8754DF44054666B3812BB2 /* MainTest.cpp in Sources */ = {isa = PBXBuildFile; fileRef = 9A67E51485F84AF5862C0565 /* MainTest.cpp */; };
/* End PBXBuildFile section */

/* Begin PBXFileReference section */
		13E40642913D4C819500E94D /* ProcessorTests */ = {isa = PBXFileReference; explicitFileType = "compiled.mach-o.executable"; path = ProcessorTests; sourceTree = BUILT_PRODUCTS_DIR; };
		16FAE24E2C14499AAC28A7CB /* FunctionalProcessorTests.hpp */ = {isa = PBXFileReference; explicitFileType = sourcecode.cpp.h; fileEncoding = 4; path = FunctionalProcessorTests.hpp; sourceTree = SOURCE_ROOT; };
		37D586AF9459423A931EB296 /* MainTest.hpp */ = {isa = PBXFileReference; explicitFileType = sourcecode.cpp.h; fileEncoding = 4; path = MainTest.hpp; sourceTree = SOURCE_ROOT; };
		769C6979E02A4B76B57ADDC5 /* ProcessorTests.cpp */ = {isa = PBXFileReference; explicitFileType = sourcecode.cpp.cpp; fileEncoding = 4; path = ProcessorTests.cpp; sourceTree = SOURCE_ROOT; };
		9A67E51485F84AF5862C0565 /* MainTest.cpp */ = {isa = PBXFileReference; explicitFileType = sourcecode.cpp.cpp; fileEncoding = 4; path = MainTest.cpp; sourceTree = SOURCE_ROOT; };
		B420590585994A7EAA50B105 /* ProcessorTests.hpp */ = {isa = PBXFileReference; explicitFileType = sourcecode.cpp.h; fileEncoding = 4; path = ProcessorTests.hpp; sourceTree = SOURCE_ROOT; };
		D4217E0585DA4F0AA9E40F0D /* CMakeLists.txt */ = {isa = PBXFileReference; explicitFileType = sourcecode.text; fileEncoding = 4; lastKnownFileType = text; path = CMakeLists.txt; sourceTree = SOURCE_ROOT; };
		F96742FA2991618800CB1BA5 /* libProcessor.a */ = {isa = PBXFileReference; explicitFileType = archive.ar; path = libProcessor.a; sourceTree = BUILT_PRODUCTS_DIR; };
		F96742FE2991624100CB1BA5 /* libProcessor.a */ = {isa = PBXFileReference; explicitFileType = archive.ar; path = libProcessor.a; sourceTree = BUILT_PRODUCTS_DIR; };
		F9BAE4A72991A92700648F7A /* libProcessor.a */ = {isa = PBXFileReference; explicitFileType = archive.ar; path = libProcessor.a; sourceTree = BUILT_PRODUCTS_DIR; };
		FBFA10F217AC4205BE0DC9A4 /* FunctionalProcessorTests.cpp */ = {isa = PBXFileReference; explicitFileType = sourcecode.cpp.cpp; fileEncoding = 4; path = FunctionalProcessorTests.cpp; sourceTree = SOURCE_ROOT; };
/* End PBXFileReference section */

/* Begin PBXFrameworksBuildPhase section */
		863AAF7445904672A28E971B /* Frameworks */ = {
			isa = PBXFrameworksBuildPhase;
			buildActionMask = 2147483647;
			files = (
				F9BAE4A82991A92700648F7A /* libProcessor.a in Frameworks */,
			);
			runOnlyForDeploymentPostprocessing = 0;
		};
/* End PBXFrameworksBuildPhase section */

/* Begin PBXGroup section */
		274D0D951A534385BFCEA05B = {
			isa = PBXGroup;
			children = (
				F3F70FD6C6784CBFA567F3DF /* ProcessorTests */,
				96AA065B4C504E4591FAD3DB /* Products */,
				C83AB1A999F14148A01E4C83 /* Frameworks */,
			);
			indentWidth = 2;
			sourceTree = "<group>";
			tabWidth = 2;
		};
		96AA065B4C504E4591FAD3DB /* Products */ = {
			isa = PBXGroup;
			children = (
				13E40642913D4C819500E94D /* ProcessorTests */,
			);
			name = Products;
			sourceTree = "<group>";
		};
		A398AE0A00F542B89EF27EFF /* Source Files */ = {
			isa = PBXGroup;
			children = (
				FBFA10F217AC4205BE0DC9A4 /* FunctionalProcessorTests.cpp */,
				9A67E51485F84AF5862C0565 /* MainTest.cpp */,
				769C6979E02A4B76B57ADDC5 /* ProcessorTests.cpp */,
			);
			name = "Source Files";
			sourceTree = "<group>";
		};
		B0864558CC614A06823CD9B0 /* Header Files */ = {
			isa = PBXGroup;
			children = (
				16FAE24E2C14499AAC28A7CB /* FunctionalProcessorTests.hpp */,
				37D586AF9459423A931EB296 /* MainTest.hpp */,
				B420590585994A7EAA50B105 /* ProcessorTests.hpp */,
			);
			name = "Header Files";
			sourceTree = "<group>";
		};
		C83AB1A999F14148A01E4C83 /* Frameworks */ = {
			isa = PBXGroup;
			children = (
				F9BAE4A72991A92700648F7A /* libProcessor.a */,
				F96742FE2991624100CB1BA5 /* libProcessor.a */,
				F96742FA2991618800CB1BA5 /* libProcessor.a */,
			);
			name = Frameworks;
			sourceTree = "<group>";
		};
		F3F70FD6C6784CBFA567F3DF /* ProcessorTests */ = {
			isa = PBXGroup;
			children = (
				B0864558CC614A06823CD9B0 /* Header Files */,
				A398AE0A00F542B89EF27EFF /* Source Files */,
				D4217E0585DA4F0AA9E40F0D /* CMakeLists.txt */,
			);
			name = ProcessorTests;
			sourceTree = "<group>";
		};
/* End PBXGroup section */

/* Begin PBXNativeTarget section */
		A3DCA7F5665D456EA5CCF03D /* ProcessorTests */ = {
			isa = PBXNativeTarget;
			buildConfigurationList = 3622B670426E42138699F7B2 /* Build configuration list for PBXNativeTarget "ProcessorTests" */;
			buildPhases = (
				036D80248DC54313A3504517 /* Sources */,
				863AAF7445904672A28E971B /* Frameworks */,
			);
			buildRules = (
			);
			dependencies = (
			);
			name = ProcessorTests;
			productName = ProcessorTests;
			productReference = 13E40642913D4C819500E94D /* ProcessorTests */;
			productType = "com.apple.product-type.tool";
		};
/* End PBXNativeTarget section */

/* Begin PBXProject section */
		88B3F6B809A4429A876AE568 /* Project object */ = {
			isa = PBXProject;
			attributes = {
				LastUpgradeCheck = 1420;
			};
			buildConfigurationList = B51341957ED347938EE32FCD /* Build configuration list for PBXProject "6502_Processor_Tests" */;
			compatibilityVersion = "Xcode 3.2";
			developmentRegion = en;
			hasScannedForEncodings = 0;
			knownRegions = (
				en,
				Base,
			);
			mainGroup = 274D0D951A534385BFCEA05B;
			projectDirPath = ../../ProcessorTests;
			projectRoot = "";
			targets = (
				A3DCA7F5665D456EA5CCF03D /* ProcessorTests */,
			);
		};
/* End PBXProject section */

/* Begin PBXSourcesBuildPhase section */
		036D80248DC54313A3504517 /* Sources */ = {
			isa = PBXSourcesBuildPhase;
			buildActionMask = 2147483647;
			files = (
				083FD1C4F58046F4BA226F7C /* FunctionalProcessorTests.cpp in Sources */,
				FA8754DF44054666B3812BB2 /* MainTest.cpp in Sources */,
				D3B579E1CE674813AD28F283 /* ProcessorTests.cpp in Sources */,
			);
			runOnlyForDeploymentPostprocessing = 0;
		};
/* End PBXSourcesBuildPhase section */

/* Begin XCBuildConfiguration section */
		1954243E58B142D680AF1357 /* Debug */ = {
			isa = XCBuildConfiguration;
			buildSettings = {
			};
			name = Debug;
		};
		39ECCE26DC88495EBA6F0738 /* Release */ = {
			isa = XCBuildConfiguration;
			buildSettings = {
				ARCHS = "$(NATIVE_ARCH_ACTUAL)";
				CLANG_CXX_LANGUAGE_STANDARD = "c++20";
				COMBINE_HIDPI_IMAGES = YES;
				DEBUG = OFF;
				EMULATE65C02 = ON;
				GCC_GENERATE_DEBUGGING_SYMBOLS = NO;
				GCC_OPTIMIZATION_LEVEL = 3;
				GCC_PREPROCESSOR_DEFINITIONS = (
					"'CMAKE_INTDIR=\"$(CONFIGURATION)$(EFFECTIVE_PLATFORM_NAME)\"'",
					"'TESTDIR=$(TESTDIR)'",
					"'LOGMODE=$(LOGMODE)'",
					"'DEBUG=$(DEBUG)'",
					"'ILLEGAL=$(ILLEGAL)'",
					"'EMULATE65C02=$(EMULATE65C02)'",
					"'FMT_HEADER_ONLY=1'",
					SPDLOG_FMT_EXTERNAL,
					FMT_SHARED,
				);
				GENERATE_INFOPLIST_FILE = NO;
				HEADER_SEARCH_PATHS = (
					/Users/txc/Projects/CPP/ProcessorTests,
					/Users/txc/Projects/CPP/Processor,
				);
				ILLEGAL = ON;
				INFOPLIST_KEY_CFBundleDisplayName = "";
				LD_RUNPATH_SEARCH_PATHS = /usr/local/lib;
				LOGMODE = OFF;
				ONLY_ACTIVE_ARCH = YES;
				OTHER_CPLUSPLUSFLAGS = (
					"$(OTHER_CFLAGS)",
					"-DNDEBUG",
				);
				OTHER_LDFLAGS = (
					"-Wl,-search_paths_first",
					"-Wl,-headerpad_max_install_names",
					/usr/local/lib/libCatch2Main.a,
					/usr/local/lib/libCatch2.a,
					/usr/local/lib/libfmt.9.1.0.dylib,
					"$(inherited)",
				);
				PRODUCT_NAME = "$(TARGET_NAME)";
				SDKROOT = macosx;
				SYMROOT = "/Users/txc/Projects/CPP/build/$(PROJECT_NAME)/$(TARGET_NAME)";
				SYSTEM_HEADER_SEARCH_PATHS = /usr/local/include;
				TESTDIR = "$(PROJECT_DIR)/FunctionalTests";
				USE_HEADERMAP = NO;
			};
			name = Release;
		};
		6B42849CE4BE4B30B935C014 /* Release */ = {
			isa = XCBuildConfiguration;
			buildSettings = {
			};
			name = Release;
		};
		6F361381E2DE41E89BC17BCB /* Debug */ = {
			isa = XCBuildConfiguration;
			buildSettings = {
				ARCHS = "$(NATIVE_ARCH_ACTUAL)";
				CLANG_CXX_LANGUAGE_STANDARD = "c++20";
				COMBINE_HIDPI_IMAGES = YES;
				DEBUG = ON;
				EMULATE65C02 = ON;
				GCC_OPTIMIZATION_LEVEL = 0;
				GCC_PREPROCESSOR_DEFINITIONS = (
					"'CMAKE_INTDIR=\"$(CONFIGURATION)$(EFFECTIVE_PLATFORM_NAME)\"'",
					"'TESTDIR=$(TESTDIR)'",
					"'LOGMODE=$(LOGMODE)'",
					"'DEBUG=$(DEBUG)'",
					"'ILLEGAL=$(ILLEGAL)'",
					"'EMULATE65C02=$(EMULATE65C02)'",
					"'FMT_HEADER_ONLY=1'",
					SPDLOG_FMT_EXTERNAL,
					FMT_SHARED,
				);
				GENERATE_INFOPLIST_FILE = NO;
				HEADER_SEARCH_PATHS = (
					/Users/txc/Projects/CPP/ProcessorTests,
					/Users/txc/Projects/CPP/Processor,
				);
				ILLEGAL = ON;
				INFOPLIST_KEY_CFBundleDisplayName = "";
				LD_RUNPATH_SEARCH_PATHS = /usr/local/lib;
				LOGMODE = ON;
				ONLY_ACTIVE_ARCH = YES;
				OTHER_LDFLAGS = (
					"-Wl,-search_paths_first",
					"-Wl,-headerpad_max_install_names",
					/usr/local/lib/libCatch2Main.a,
					/usr/local/lib/libCatch2.a,
					/usr/local/lib/libfmt.9.1.0.dylib,
					"$(inherited)",
				);
				PRODUCT_NAME = "$(TARGET_NAME)";
				SDKROOT = macosx;
				SYMROOT = "/Users/txc/Projects/CPP/build/$(PROJECT_NAME)/$(TARGET_NAME)";
				SYSTEM_HEADER_SEARCH_PATHS = /usr/local/include;
				TESTDIR = "$(PROJECT_DIR)/FunctionalTests";
				USE_HEADERMAP = NO;
			};
			name = Debug;
		};
/* End XCBuildConfiguration section */

/* Begin XCConfigurationList section */
		3622B670426E42138699F7B2 /* Build configuration list for PBXNativeTarget "ProcessorTests" */ = {
			isa = XCConfigurationList;
			buildConfigurations = (
				1954243E58B142D680AF1357 /* Debug */,
				6B42849CE4BE4B30B935C014 /* Release */,
			);
			defaultConfigurationIsVisible = 0;
			defaultConfigurationName = Debug;
		};
		B51341957ED347938EE32FCD /* Build configuration list for PBXProject "6502_Processor_Tests" */ = {
			isa = XCConfigurationList;
			buildConfigurations = (
				6F361381E2DE41E89BC17BCB /* Debug */,
				39ECCE26DC88495EBA6F0738 /* Release */,
			);
			defaultConfigurationIsVisible = 0;
			defaultConfigurationName = Debug;
		};
/* End XCConfigurationList section */
	};
	rootObject = 88B3F6B809A4429A876AE568 /* Project object */;
}
