// !$*UTF8*$!
{
	archiveVersion = 1;
	classes = {
	};
	objectVersion = 51;
	objects = {

/* Begin PBXBuildFile section */
		09B2E3D45DED44DF83E7FA69 /* MainBus.cpp in Sources */ = {isa = PBXBuildFile; fileRef = 8C68CC888894402D9DB08282 /* MainBus.cpp */; };
		52764658EF444AFB85BE987D /* CPU.cpp in Sources */ = {isa = PBXBuildFile; fileRef = 88BAF08AAED24A70AE095703 /* CPU.cpp */; };
		565E6877D6F14824B190DB1E /* Executioner.cpp in Sources */ = {isa = PBXBuildFile; fileRef = 36ACD77CBC854E88945B1B73 /* Executioner.cpp */; };
		F9461082299432BC008CD417 /* Bus.cpp in Sources */ = {isa = PBXBuildFile; fileRef = F9461080299432BC008CD417 /* Bus.cpp */; };
		F9461083299432BC008CD417 /* Bus.hpp in Headers */ = {isa = PBXBuildFile; fileRef = F9461081299432BC008CD417 /* Bus.hpp */; settings = {ATTRIBUTES = (Public, ); }; };
		F946108429943F0F008CD417 /* MainBus.hpp in Headers */ = {isa = PBXBuildFile; fileRef = 569A028466854CE484112513 /* MainBus.hpp */; settings = {ATTRIBUTES = (Public, ); }; };
		F946108529943F0F008CD417 /* Exceptions.hpp in Headers */ = {isa = PBXBuildFile; fileRef = 7623E2DF559D4AA1AE6F082E /* Exceptions.hpp */; settings = {ATTRIBUTES = (Public, ); }; };
		F946108629943F0F008CD417 /* Executioner.hpp in Headers */ = {isa = PBXBuildFile; fileRef = F9B2F606730C4450B7E1DC94 /* Executioner.hpp */; settings = {ATTRIBUTES = (Public, ); }; };
		F946108729943F0F008CD417 /* Formatters.hpp in Headers */ = {isa = PBXBuildFile; fileRef = F36F8F0BEEFD456691F189D4 /* Formatters.hpp */; settings = {ATTRIBUTES = (Public, ); }; };
		F946108829943F0F008CD417 /* Logger.hpp in Headers */ = {isa = PBXBuildFile; fileRef = E11B92EA809F49FEB6C09C74 /* Logger.hpp */; settings = {ATTRIBUTES = (Public, ); }; };
		F946108929943F0F008CD417 /* CPU.hpp in Headers */ = {isa = PBXBuildFile; fileRef = E0684416938D43E98B58CA59 /* CPU.hpp */; settings = {ATTRIBUTES = (Public, ); }; };
		F946108A29943F0F008CD417 /* Types.hpp in Headers */ = {isa = PBXBuildFile; fileRef = 9F31CB790FC54A69ACC14ACD /* Types.hpp */; settings = {ATTRIBUTES = (Public, ); }; };
/* End PBXBuildFile section */

/* Begin PBXFileReference section */
		36ACD77CBC854E88945B1B73 /* Executioner.cpp */ = {isa = PBXFileReference; explicitFileType = sourcecode.cpp.cpp; fileEncoding = 4; path = Executioner.cpp; sourceTree = SOURCE_ROOT; };
		4DF6BF7EE2A7472A8DBD2E1A /* Singleton.hpp */ = {isa = PBXFileReference; explicitFileType = sourcecode.cpp.h; fileEncoding = 4; path = Singleton.hpp; sourceTree = SOURCE_ROOT; };
		569A028466854CE484112513 /* MainBus.hpp */ = {isa = PBXFileReference; explicitFileType = sourcecode.cpp.h; fileEncoding = 4; path = MainBus.hpp; sourceTree = SOURCE_ROOT; };
		7623E2DF559D4AA1AE6F082E /* Exceptions.hpp */ = {isa = PBXFileReference; explicitFileType = sourcecode.cpp.h; fileEncoding = 4; path = Exceptions.hpp; sourceTree = SOURCE_ROOT; };
		88BAF08AAED24A70AE095703 /* CPU.cpp */ = {isa = PBXFileReference; explicitFileType = sourcecode.cpp.cpp; fileEncoding = 4; path = CPU.cpp; sourceTree = SOURCE_ROOT; };
		8C68CC888894402D9DB08282 /* MainBus.cpp */ = {isa = PBXFileReference; explicitFileType = sourcecode.cpp.cpp; fileEncoding = 4; path = MainBus.cpp; sourceTree = SOURCE_ROOT; };
		9F31CB790FC54A69ACC14ACD /* Types.hpp */ = {isa = PBXFileReference; explicitFileType = sourcecode.cpp.h; fileEncoding = 4; path = Types.hpp; sourceTree = SOURCE_ROOT; };
		DC9D683B36B2425C875AABAD /* libProcessor.a */ = {isa = PBXFileReference; explicitFileType = archive.ar; path = libProcessor.a; sourceTree = BUILT_PRODUCTS_DIR; };
		E0684416938D43E98B58CA59 /* CPU.hpp */ = {isa = PBXFileReference; explicitFileType = sourcecode.cpp.h; fileEncoding = 4; path = CPU.hpp; sourceTree = SOURCE_ROOT; };
		E11B92EA809F49FEB6C09C74 /* Logger.hpp */ = {isa = PBXFileReference; explicitFileType = sourcecode.cpp.h; fileEncoding = 4; path = Logger.hpp; sourceTree = SOURCE_ROOT; };
		F36F8F0BEEFD456691F189D4 /* Formatters.hpp */ = {isa = PBXFileReference; explicitFileType = sourcecode.cpp.h; fileEncoding = 4; path = Formatters.hpp; sourceTree = SOURCE_ROOT; };
		F9461080299432BC008CD417 /* Bus.cpp */ = {isa = PBXFileReference; lastKnownFileType = sourcecode.cpp.cpp; path = Bus.cpp; sourceTree = "<group>"; };
		F9461081299432BC008CD417 /* Bus.hpp */ = {isa = PBXFileReference; lastKnownFileType = sourcecode.cpp.h; path = Bus.hpp; sourceTree = "<group>"; };
		F9B2F606730C4450B7E1DC94 /* Executioner.hpp */ = {isa = PBXFileReference; explicitFileType = sourcecode.cpp.h; fileEncoding = 4; path = Executioner.hpp; sourceTree = SOURCE_ROOT; };
		FB65B55A084F47F196F425CC /* CMakeLists.txt */ = {isa = PBXFileReference; explicitFileType = sourcecode.text; fileEncoding = 4; lastKnownFileType = text; path = CMakeLists.txt; sourceTree = SOURCE_ROOT; };
/* End PBXFileReference section */

/* Begin PBXFrameworksBuildPhase section */
		4659D2C4E4F240D0924D4799 /* Frameworks */ = {
			isa = PBXFrameworksBuildPhase;
			buildActionMask = 2147483647;
			files = (
			);
			runOnlyForDeploymentPostprocessing = 0;
		};
/* End PBXFrameworksBuildPhase section */

/* Begin PBXGroup section */
		25F48E1E5707402A8FF29D2D /* Source Files */ = {
			isa = PBXGroup;
			children = (
				F9461080299432BC008CD417 /* Bus.cpp */,
				8C68CC888894402D9DB08282 /* MainBus.cpp */,
				36ACD77CBC854E88945B1B73 /* Executioner.cpp */,
				88BAF08AAED24A70AE095703 /* CPU.cpp */,
			);
			name = "Source Files";
			sourceTree = "<group>";
		};
		47A56771B94145B6868320BF /* Frameworks */ = {
			isa = PBXGroup;
			children = (
			);
			name = Frameworks;
			sourceTree = "<group>";
		};
		612887C35F2D49FCBE14F24F = {
			isa = PBXGroup;
			children = (
				BBE251EC9DB74960B10E099C /* Processor */,
				E2F49388791744B18F47BCF9 /* Products */,
				47A56771B94145B6868320BF /* Frameworks */,
			);
			indentWidth = 2;
			sourceTree = "<group>";
			tabWidth = 2;
		};
		AC31A4E1FAF64C8E97CB020E /* Header Files */ = {
			isa = PBXGroup;
			children = (
				F9461081299432BC008CD417 /* Bus.hpp */,
				569A028466854CE484112513 /* MainBus.hpp */,
				7623E2DF559D4AA1AE6F082E /* Exceptions.hpp */,
				F9B2F606730C4450B7E1DC94 /* Executioner.hpp */,
				F36F8F0BEEFD456691F189D4 /* Formatters.hpp */,
				E11B92EA809F49FEB6C09C74 /* Logger.hpp */,
				E0684416938D43E98B58CA59 /* CPU.hpp */,
				4DF6BF7EE2A7472A8DBD2E1A /* Singleton.hpp */,
				9F31CB790FC54A69ACC14ACD /* Types.hpp */,
			);
			name = "Header Files";
			sourceTree = "<group>";
		};
		BBE251EC9DB74960B10E099C /* Processor */ = {
			isa = PBXGroup;
			children = (
				25F48E1E5707402A8FF29D2D /* Source Files */,
				AC31A4E1FAF64C8E97CB020E /* Header Files */,
				FB65B55A084F47F196F425CC /* CMakeLists.txt */,
			);
			name = Processor;
			sourceTree = SOURCE_ROOT;
		};
		E2F49388791744B18F47BCF9 /* Products */ = {
			isa = PBXGroup;
			children = (
				DC9D683B36B2425C875AABAD /* libProcessor.a */,
			);
			name = Products;
			sourceTree = "<group>";
		};
/* End PBXGroup section */

/* Begin PBXHeadersBuildPhase section */
		F951FC8A29940F5B001AD883 /* Headers */ = {
			isa = PBXHeadersBuildPhase;
			buildActionMask = 2147483647;
			files = (
				F9461083299432BC008CD417 /* Bus.hpp in Headers */,
				F946108429943F0F008CD417 /* MainBus.hpp in Headers */,
				F946108529943F0F008CD417 /* Exceptions.hpp in Headers */,
				F946108629943F0F008CD417 /* Executioner.hpp in Headers */,
				F946108729943F0F008CD417 /* Formatters.hpp in Headers */,
				F946108829943F0F008CD417 /* Logger.hpp in Headers */,
				F946108929943F0F008CD417 /* CPU.hpp in Headers */,
				F946108A29943F0F008CD417 /* Types.hpp in Headers */,
			);
			runOnlyForDeploymentPostprocessing = 0;
		};
/* End PBXHeadersBuildPhase section */

/* Begin PBXNativeTarget section */
		E8AB458061304D6B8EC82968 /* Processor */ = {
			isa = PBXNativeTarget;
			buildConfigurationList = B02A1AB5AF984A34BDF4ED26 /* Build configuration list for PBXNativeTarget "Processor" */;
			buildPhases = (
				F951FC8A29940F5B001AD883 /* Headers */,
				414773A1E879494A8F79652B /* Sources */,
				4659D2C4E4F240D0924D4799 /* Frameworks */,
			);
			buildRules = (
			);
			dependencies = (
			);
			name = Processor;
			productName = Processor;
			productReference = DC9D683B36B2425C875AABAD /* libProcessor.a */;
			productType = "com.apple.product-type.library.static";
		};
/* End PBXNativeTarget section */

/* Begin PBXProject section */
		34BC03E800B74A8397899D05 /* Project object */ = {
			isa = PBXProject;
			attributes = {
				LastUpgradeCheck = 1420;
			};
			buildConfigurationList = 2E5A7AB8DDB84A968E748473 /* Build configuration list for PBXProject "6502_Processor" */;
			compatibilityVersion = "Xcode 10.0";
			developmentRegion = en;
			hasScannedForEncodings = 0;
			knownRegions = (
				en,
				Base,
			);
			mainGroup = 612887C35F2D49FCBE14F24F;
			productRefGroup = E2F49388791744B18F47BCF9 /* Products */;
			projectDirPath = ../../Processor;
			projectRoot = "";
			targets = (
				E8AB458061304D6B8EC82968 /* Processor */,
			);
		};
/* End PBXProject section */

/* Begin PBXSourcesBuildPhase section */
		414773A1E879494A8F79652B /* Sources */ = {
			isa = PBXSourcesBuildPhase;
			buildActionMask = 2147483647;
			files = (
				F9461082299432BC008CD417 /* Bus.cpp in Sources */,
				09B2E3D45DED44DF83E7FA69 /* MainBus.cpp in Sources */,
				565E6877D6F14824B190DB1E /* Executioner.cpp in Sources */,
				52764658EF444AFB85BE987D /* CPU.cpp in Sources */,
			);
			runOnlyForDeploymentPostprocessing = 0;
		};
/* End PBXSourcesBuildPhase section */

/* Begin XCBuildConfiguration section */
		078BD545F7CD43B79BA704CB /* Release */ = {
			isa = XCBuildConfiguration;
			buildSettings = {
				ARCHS = "$(ARCHS_STANDARD)";
				COMBINE_HIDPI_IMAGES = YES;
				INSTALL_PATH = "";
			};
			name = Release;
		};
		0DE4C3552DE44AE7B405FF20 /* Debug */ = {
			isa = XCBuildConfiguration;
			buildSettings = {
				ALWAYS_SEARCH_USER_PATHS = NO;
				ARCHS = "$(NATIVE_ARCH_ACTUAL)";
				CLANG_CXX_LANGUAGE_STANDARD = "c++20";
				COMBINE_HIDPI_IMAGES = YES;
				DEBUG = ON;
				EMULATE65C02 = ON;
				EXECUTABLE_EXTENSION = a;
				EXECUTABLE_PREFIX = lib;
				GCC_OPTIMIZATION_LEVEL = 0;
				GCC_PREPROCESSOR_DEFINITIONS = (
					"'CMAKE_INTDIR=\"$(CONFIGURATION)$(EFFECTIVE_PLATFORM_NAME)\"'",
					"LOGMODE=$(LOGMODE)",
					"ILLEGAL=$(ILLEGAL)",
					"DEBUG=$(DEBUG)",
					"EMULATE65C02=$(EMULATE65C02)",
					"'FMT_HEADER_ONLY=1'",
					SPDLOG_FMT_EXTERNAL,
					FMT_SHARED,
				);
				GCC_SYMBOLS_PRIVATE_EXTERN = NO;
				GENERATE_INFOPLIST_FILE = YES;
				HEADER_SEARCH_PATHS = (
					"$(PROJECT_DIR)/$(TARGET_NAME)",
					"$(PROJECT_DIR)/../",
					"$(PROJECT_DIR)/../includes/",
					"$(inherited)",
				);
				ILLEGAL = ON;
				LOGMODE = ON;
				MACH_O_TYPE = staticlib;
				ONLY_ACTIVE_ARCH = YES;
				PRODUCT_NAME = "$(TARGET_NAME)";
				SDKROOT = macosx;
				SYMROOT = "/Users/txc/Projects/CPP/build/$(PROJECT_NAME)/$(TARGET_NAME)";
				SYSTEM_HEADER_SEARCH_PATHS = (
					/usr/local/include,
					/usr/local/include/freetype2,
					/Library/Frameworks/Mono.framework/Headers,
					"$(inherited)",
				);
				USE_HEADERMAP = NO;
			};
			name = Debug;
		};
		BA265D3EF89A445CA2BD9C96 /* Release */ = {
			isa = XCBuildConfiguration;
			buildSettings = {
				ALWAYS_SEARCH_USER_PATHS = NO;
				ARCHS = "$(NATIVE_ARCH_ACTUAL)";
				CLANG_CXX_LANGUAGE_STANDARD = "c++20";
				COMBINE_HIDPI_IMAGES = YES;
				DEBUG = OFF;
				EMULATE65C02 = ON;
				EXECUTABLE_EXTENSION = a;
				EXECUTABLE_PREFIX = lib;
				GCC_GENERATE_DEBUGGING_SYMBOLS = NO;
				GCC_OPTIMIZATION_LEVEL = 3;
				GCC_PREPROCESSOR_DEFINITIONS = (
					"'CMAKE_INTDIR=\"$(CONFIGURATION)$(EFFECTIVE_PLATFORM_NAME)\"'",
					"LOGMODE=$(LOGMODE)",
					"ILLEGAL=$(ILLEGAL)",
					"DEBUG=$(DEBUG)",
					"EMULATE65C02=$(EMULATE65C02)",
					"'FMT_HEADER_ONLY=1'",
					SPDLOG_FMT_EXTERNAL,
					FMT_SHARED,
				);
				GCC_SYMBOLS_PRIVATE_EXTERN = NO;
				GENERATE_INFOPLIST_FILE = YES;
				HEADER_SEARCH_PATHS = (
					"$(PROJECT_DIR)/$(TARGET_NAME)",
					"$(PROJECT_DIR)/../",
					"$(PROJECT_DIR)/../includes/",
					"$(inherited)",
				);
				ILLEGAL = ON;
				LOGMODE = OFF;
				MACH_O_TYPE = staticlib;
				ONLY_ACTIVE_ARCH = YES;
				OTHER_CPLUSPLUSFLAGS = (
					"$(OTHER_CFLAGS)",
					"-DNDEBUG",
				);
				PRODUCT_NAME = "$(TARGET_NAME)";
				SDKROOT = macosx;
				SYMROOT = "/Users/txc/Projects/CPP/build/$(PROJECT_NAME)/$(TARGET_NAME)";
				SYSTEM_HEADER_SEARCH_PATHS = (
					/usr/local/include,
					/usr/local/include/freetype2,
					/Library/Frameworks/Mono.framework/Headers,
					"$(inherited)",
				);
				USE_HEADERMAP = NO;
			};
			name = Release;
		};
		FB1A0B4567B242C3A66A049F /* Debug */ = {
			isa = XCBuildConfiguration;
			buildSettings = {
				ARCHS = "$(ARCHS_STANDARD)";
				COMBINE_HIDPI_IMAGES = YES;
				INSTALL_PATH = "";
			};
			name = Debug;
		};
/* End XCBuildConfiguration section */

/* Begin XCConfigurationList section */
		2E5A7AB8DDB84A968E748473 /* Build configuration list for PBXProject "6502_Processor" */ = {
			isa = XCConfigurationList;
			buildConfigurations = (
				0DE4C3552DE44AE7B405FF20 /* Debug */,
				BA265D3EF89A445CA2BD9C96 /* Release */,
			);
			defaultConfigurationIsVisible = 0;
			defaultConfigurationName = Debug;
		};
		B02A1AB5AF984A34BDF4ED26 /* Build configuration list for PBXNativeTarget "Processor" */ = {
			isa = XCConfigurationList;
			buildConfigurations = (
				FB1A0B4567B242C3A66A049F /* Debug */,
				078BD545F7CD43B79BA704CB /* Release */,
			);
			defaultConfigurationIsVisible = 0;
			defaultConfigurationName = Debug;
		};
/* End XCConfigurationList section */
	};
	rootObject = 34BC03E800B74A8397899D05 /* Project object */;
}
