// !$*UTF8*$!
{
	archiveVersion = 1;
	classes = {
	};
	objectVersion = 46;
	objects = {

/* Begin PBXBuildFile section */
		5BD587613F284B78BBBA8B7F /* Main.cpp in Sources */ = {isa = PBXBuildFile; fileRef = D5B1C5A39CAC4D31AAA96FE0 /* Main.cpp */; };
		9EE4B177AAF94A84B07851F0 /* ImGuiDemo.mm in Sources */ = {isa = PBXBuildFile; fileRef = 25BCA1D3AABD48F0AD81178C /* ImGuiDemo.mm */; };
		BF2CD7A4C8AA48A7847BFFB8 /* Simulator.cpp in Sources */ = {isa = PBXBuildFile; fileRef = 9171B5029679471C99914912 /* Simulator.cpp */; };
		EC94A9B4E2F84CE68BCED451 /* Demo.cpp in Sources */ = {isa = PBXBuildFile; fileRef = 7F6BCA9D30C54D51A6517945 /* Demo.cpp */; };
		F96742F92991615C00CB1BA5 /* libProcessor.a in Frameworks */ = {isa = PBXBuildFile; fileRef = F96742F82991615C00CB1BA5 /* libProcessor.a */; };
		F967430729919A8C00CB1BA5 /* Cocoa.framework in Frameworks */ = {isa = PBXBuildFile; fileRef = F967430629919A8B00CB1BA5 /* Cocoa.framework */; };
		F967430929919A9400CB1BA5 /* Metal.framework in Frameworks */ = {isa = PBXBuildFile; fileRef = F967430829919A9400CB1BA5 /* Metal.framework */; };
		F967430B29919AA200CB1BA5 /* QuartzCore.framework in Frameworks */ = {isa = PBXBuildFile; fileRef = F967430A29919AA100CB1BA5 /* QuartzCore.framework */; };
		F96E84F729931A13005882C4 /* libglfw.3.3.dylib in Frameworks */ = {isa = PBXBuildFile; fileRef = F981E02A2992566A00C349C8 /* libglfw.3.3.dylib */; };
		F981E0272992492400C349C8 /* libImGui Metal.a in Frameworks */ = {isa = PBXBuildFile; fileRef = F981E0262992492400C349C8 /* libImGui Metal.a */; };
		F981E0292992492B00C349C8 /* libImGui OpenGL.a in Frameworks */ = {isa = PBXBuildFile; fileRef = F981E0282992492B00C349C8 /* libImGui OpenGL.a */; };
		F981E02B2992566B00C349C8 /* libglfw.3.3.dylib in Frameworks */ = {isa = PBXBuildFile; fileRef = F981E02A2992566A00C349C8 /* libglfw.3.3.dylib */; };
		F981E02C2992570000C349C8 /* OpenGL.framework in Frameworks */ = {isa = PBXBuildFile; fileRef = F967430C29919FEA00CB1BA5 /* OpenGL.framework */; };
		F9BAE4AA2991A94700648F7A /* libProcessor.a in Frameworks */ = {isa = PBXBuildFile; fileRef = F9BAE4A92991A94700648F7A /* libProcessor.a */; };
/* End PBXBuildFile section */

/* Begin PBXFileReference section */
		25BCA1D3AABD48F0AD81178C /* ImGuiDemo.mm */ = {isa = PBXFileReference; explicitFileType = sourcecode.cpp.objcpp; fileEncoding = 4; name = ImGuiDemo.mm; path = ImGuiDemo/ImGuiDemo.mm; sourceTree = SOURCE_ROOT; };
		27864B825DA44A3B936B303E /* CMakeLists.txt */ = {isa = PBXFileReference; explicitFileType = sourcecode.text; fileEncoding = 4; lastKnownFileType = text; name = CMakeLists.txt; path = ImGuiDemo/CMakeLists.txt; sourceTree = SOURCE_ROOT; };
		454E69A5806F4477A71946DB /* CMakeLists.txt */ = {isa = PBXFileReference; explicitFileType = sourcecode.text; fileEncoding = 4; lastKnownFileType = text; name = CMakeLists.txt; path = Simulator/CMakeLists.txt; sourceTree = SOURCE_ROOT; };
		6CFB82C1C03743E0B439A96F /* CMakeLists.txt */ = {isa = PBXFileReference; explicitFileType = sourcecode.text; fileEncoding = 4; lastKnownFileType = text; name = CMakeLists.txt; path = Demo/CMakeLists.txt; sourceTree = SOURCE_ROOT; };
		7F6BCA9D30C54D51A6517945 /* Demo.cpp */ = {isa = PBXFileReference; explicitFileType = sourcecode.cpp.cpp; fileEncoding = 4; name = Demo.cpp; path = Demo/Demo.cpp; sourceTree = SOURCE_ROOT; };
		875D6F45E7014FE2889B1FDA /* ImGuiDemo.app */ = {isa = PBXFileReference; explicitFileType = wrapper.application; path = ImGuiDemo.app; sourceTree = BUILT_PRODUCTS_DIR; };
		9171B5029679471C99914912 /* Simulator.cpp */ = {isa = PBXFileReference; explicitFileType = sourcecode.cpp.cpp; fileEncoding = 4; name = Simulator.cpp; path = Simulator/Simulator.cpp; sourceTree = SOURCE_ROOT; };
		A430319876774BF3B9B0A8CF /* Simulator.hpp */ = {isa = PBXFileReference; explicitFileType = sourcecode.cpp.h; fileEncoding = 4; name = Simulator.hpp; path = Simulator/Simulator.hpp; sourceTree = SOURCE_ROOT; };
		C09E6E348C434AEF8AE0C30B /* Demo.app */ = {isa = PBXFileReference; explicitFileType = wrapper.application; path = Demo.app; sourceTree = BUILT_PRODUCTS_DIR; };
		C6DD2F55DA7844C9AC978BC6 /* Simulator.app */ = {isa = PBXFileReference; explicitFileType = wrapper.application; path = Simulator.app; sourceTree = BUILT_PRODUCTS_DIR; };
		D5B1C5A39CAC4D31AAA96FE0 /* Main.cpp */ = {isa = PBXFileReference; explicitFileType = sourcecode.cpp.cpp; fileEncoding = 4; name = Main.cpp; path = Simulator/Main.cpp; sourceTree = SOURCE_ROOT; };
		F96742F82991615C00CB1BA5 /* libProcessor.a */ = {isa = PBXFileReference; explicitFileType = archive.ar; path = libProcessor.a; sourceTree = BUILT_PRODUCTS_DIR; };
		F967430629919A8B00CB1BA5 /* Cocoa.framework */ = {isa = PBXFileReference; lastKnownFileType = wrapper.framework; name = Cocoa.framework; path = System/Library/Frameworks/Cocoa.framework; sourceTree = SDKROOT; };
		F967430829919A9400CB1BA5 /* Metal.framework */ = {isa = PBXFileReference; lastKnownFileType = wrapper.framework; name = Metal.framework; path = System/Library/Frameworks/Metal.framework; sourceTree = SDKROOT; };
		F967430A29919AA100CB1BA5 /* QuartzCore.framework */ = {isa = PBXFileReference; lastKnownFileType = wrapper.framework; name = QuartzCore.framework; path = System/Library/Frameworks/QuartzCore.framework; sourceTree = SDKROOT; };
		F967430C29919FEA00CB1BA5 /* OpenGL.framework */ = {isa = PBXFileReference; lastKnownFileType = wrapper.framework; name = OpenGL.framework; path = System/Library/Frameworks/OpenGL.framework; sourceTree = SDKROOT; };
		F981E0262992492400C349C8 /* libImGui Metal.a */ = {isa = PBXFileReference; explicitFileType = archive.ar; path = "libImGui Metal.a"; sourceTree = BUILT_PRODUCTS_DIR; };
		F981E0282992492B00C349C8 /* libImGui OpenGL.a */ = {isa = PBXFileReference; explicitFileType = archive.ar; path = "libImGui OpenGL.a"; sourceTree = BUILT_PRODUCTS_DIR; };
		F981E02A2992566A00C349C8 /* libglfw.3.3.dylib */ = {isa = PBXFileReference; lastKnownFileType = "compiled.mach-o.dylib"; name = libglfw.3.3.dylib; path = ../../../../../usr/local/Cellar/glfw/3.3.8/lib/libglfw.3.3.dylib; sourceTree = "<group>"; };
		F9BAE4A92991A94700648F7A /* libProcessor.a */ = {isa = PBXFileReference; explicitFileType = archive.ar; path = libProcessor.a; sourceTree = BUILT_PRODUCTS_DIR; };
/* End PBXFileReference section */

/* Begin PBXFrameworksBuildPhase section */
		6EE54914530741F3824EEFEF /* Frameworks */ = {
			isa = PBXFrameworksBuildPhase;
			buildActionMask = 2147483647;
			files = (
				F96E84F729931A13005882C4 /* libglfw.3.3.dylib in Frameworks */,
				F981E0272992492400C349C8 /* libImGui Metal.a in Frameworks */,
				F967430929919A9400CB1BA5 /* Metal.framework in Frameworks */,
				F967430729919A8C00CB1BA5 /* Cocoa.framework in Frameworks */,
				F967430B29919AA200CB1BA5 /* QuartzCore.framework in Frameworks */,
			);
			runOnlyForDeploymentPostprocessing = 0;
		};
		7766DEA059844004BFC1A333 /* Frameworks */ = {
			isa = PBXFrameworksBuildPhase;
			buildActionMask = 2147483647;
			files = (
				F96742F92991615C00CB1BA5 /* libProcessor.a in Frameworks */,
			);
			runOnlyForDeploymentPostprocessing = 0;
		};
		B3D289CE38684D34A697FE0C /* Frameworks */ = {
			isa = PBXFrameworksBuildPhase;
			buildActionMask = 2147483647;
			files = (
				F981E02C2992570000C349C8 /* OpenGL.framework in Frameworks */,
				F981E02B2992566B00C349C8 /* libglfw.3.3.dylib in Frameworks */,
				F9BAE4AA2991A94700648F7A /* libProcessor.a in Frameworks */,
				F981E0292992492B00C349C8 /* libImGui OpenGL.a in Frameworks */,
			);
			runOnlyForDeploymentPostprocessing = 0;
		};
/* End PBXFrameworksBuildPhase section */

/* Begin PBXGroup section */
		077B2582C929436C841CB38E /* ImGuiDemo */ = {
			isa = PBXGroup;
			children = (
				3F573454A72B406E83EC151F /* Source Files */,
				27864B825DA44A3B936B303E /* CMakeLists.txt */,
			);
			name = ImGuiDemo;
			sourceTree = "<group>";
		};
		0E504227E7A24B6A8DE87695 /* Products */ = {
			isa = PBXGroup;
			children = (
				C09E6E348C434AEF8AE0C30B /* Demo.app */,
				875D6F45E7014FE2889B1FDA /* ImGuiDemo.app */,
				C6DD2F55DA7844C9AC978BC6 /* Simulator.app */,
			);
			name = Products;
			sourceTree = "<group>";
		};
		3F573454A72B406E83EC151F /* Source Files */ = {
			isa = PBXGroup;
			children = (
				25BCA1D3AABD48F0AD81178C /* ImGuiDemo.mm */,
			);
			name = "Source Files";
			sourceTree = "<group>";
		};
		738DF0AC796E4E9C98873BD6 /* Demo */ = {
			isa = PBXGroup;
			children = (
				BADC1C002B964EFDB39772C1 /* Source Files */,
				6CFB82C1C03743E0B439A96F /* CMakeLists.txt */,
			);
			name = Demo;
			sourceTree = "<group>";
		};
		85AE2D375B9446479F802926 /* Header Files */ = {
			isa = PBXGroup;
			children = (
				A430319876774BF3B9B0A8CF /* Simulator.hpp */,
			);
			name = "Header Files";
			sourceTree = "<group>";
		};
		91DE538FAA1E470082F4676C /* Source Files */ = {
			isa = PBXGroup;
			children = (
				D5B1C5A39CAC4D31AAA96FE0 /* Main.cpp */,
				9171B5029679471C99914912 /* Simulator.cpp */,
			);
			name = "Source Files";
			sourceTree = "<group>";
		};
		BADC1C002B964EFDB39772C1 /* Source Files */ = {
			isa = PBXGroup;
			children = (
				7F6BCA9D30C54D51A6517945 /* Demo.cpp */,
			);
			name = "Source Files";
			sourceTree = "<group>";
		};
		CA4AD1B03A5549D7BB6D167F /* Simulator */ = {
			isa = PBXGroup;
			children = (
				91DE538FAA1E470082F4676C /* Source Files */,
				85AE2D375B9446479F802926 /* Header Files */,
				454E69A5806F4477A71946DB /* CMakeLists.txt */,
			);
			name = Simulator;
			sourceTree = "<group>";
		};
		CF170206259C4662BF2C4AA0 = {
			isa = PBXGroup;
			children = (
				738DF0AC796E4E9C98873BD6 /* Demo */,
				077B2582C929436C841CB38E /* ImGuiDemo */,
				CA4AD1B03A5549D7BB6D167F /* Simulator */,
				0E504227E7A24B6A8DE87695 /* Products */,
				DE31BCE862A342C68364B34C /* Frameworks */,
			);
			indentWidth = 2;
			sourceTree = "<group>";
			tabWidth = 2;
		};
		DE31BCE862A342C68364B34C /* Frameworks */ = {
			isa = PBXGroup;
			children = (
				F981E02A2992566A00C349C8 /* libglfw.3.3.dylib */,
				F981E0282992492B00C349C8 /* libImGui OpenGL.a */,
				F981E0262992492400C349C8 /* libImGui Metal.a */,
				F9BAE4A92991A94700648F7A /* libProcessor.a */,
				F967430C29919FEA00CB1BA5 /* OpenGL.framework */,
				F967430A29919AA100CB1BA5 /* QuartzCore.framework */,
				F967430829919A9400CB1BA5 /* Metal.framework */,
				F967430629919A8B00CB1BA5 /* Cocoa.framework */,
				F96742F82991615C00CB1BA5 /* libProcessor.a */,
			);
			name = Frameworks;
			sourceTree = "<group>";
		};
/* End PBXGroup section */

/* Begin PBXNativeTarget section */
		5A65914968784E69864DA5D6 /* ImGuiDemo */ = {
			isa = PBXNativeTarget;
			buildConfigurationList = B29DD5FA29A54BEFB2575D69 /* Build configuration list for PBXNativeTarget "ImGuiDemo" */;
			buildPhases = (
				037E3B1C68614CB98DAB96EB /* Sources */,
				6EE54914530741F3824EEFEF /* Frameworks */,
			);
			buildRules = (
			);
			dependencies = (
			);
			name = ImGuiDemo;
			productName = ImGuiDemo;
			productReference = 875D6F45E7014FE2889B1FDA /* ImGuiDemo.app */;
			productType = "com.apple.product-type.application";
		};
		8B848E83F1824E9EB040E233 /* Demo */ = {
			isa = PBXNativeTarget;
			buildConfigurationList = 3B3D5A7C7896408BA043EBCE /* Build configuration list for PBXNativeTarget "Demo" */;
			buildPhases = (
				606A74C37CEF4596922ACDA6 /* Sources */,
				7766DEA059844004BFC1A333 /* Frameworks */,
			);
			buildRules = (
			);
			dependencies = (
			);
			name = Demo;
			productName = Demo;
			productReference = C09E6E348C434AEF8AE0C30B /* Demo.app */;
			productType = "com.apple.product-type.application";
		};
		D9891E41E78D4129B63CFFAC /* Simulator */ = {
			isa = PBXNativeTarget;
			buildConfigurationList = B3C016BF270C41E483B30A53 /* Build configuration list for PBXNativeTarget "Simulator" */;
			buildPhases = (
				1B90444AD3594BDEB8EB1B21 /* Sources */,
				B3D289CE38684D34A697FE0C /* Frameworks */,
			);
			buildRules = (
			);
			dependencies = (
			);
			name = Simulator;
			productName = Simulator;
			productReference = C6DD2F55DA7844C9AC978BC6 /* Simulator.app */;
			productType = "com.apple.product-type.application";
		};
/* End PBXNativeTarget section */

/* Begin PBXProject section */
		07F0F986ACD049E383ABFBAC /* Project object */ = {
			isa = PBXProject;
			attributes = {
				LastUpgradeCheck = 1420;
			};
			buildConfigurationList = 62A702EBDE174DF69079EA8D /* Build configuration list for PBXProject "6502_UserInterfaces" */;
			compatibilityVersion = "Xcode 3.2";
			developmentRegion = en;
			hasScannedForEncodings = 0;
			knownRegions = (
				en,
				Base,
			);
			mainGroup = CF170206259C4662BF2C4AA0;
			projectDirPath = ../../UserInterfaces;
			projectRoot = "";
			targets = (
				8B848E83F1824E9EB040E233 /* Demo */,
				5A65914968784E69864DA5D6 /* ImGuiDemo */,
				D9891E41E78D4129B63CFFAC /* Simulator */,
			);
		};
/* End PBXProject section */

/* Begin PBXSourcesBuildPhase section */
		037E3B1C68614CB98DAB96EB /* Sources */ = {
			isa = PBXSourcesBuildPhase;
			buildActionMask = 2147483647;
			files = (
				9EE4B177AAF94A84B07851F0 /* ImGuiDemo.mm in Sources */,
			);
			runOnlyForDeploymentPostprocessing = 0;
		};
		1B90444AD3594BDEB8EB1B21 /* Sources */ = {
			isa = PBXSourcesBuildPhase;
			buildActionMask = 2147483647;
			files = (
				5BD587613F284B78BBBA8B7F /* Main.cpp in Sources */,
				BF2CD7A4C8AA48A7847BFFB8 /* Simulator.cpp in Sources */,
			);
			runOnlyForDeploymentPostprocessing = 0;
		};
		606A74C37CEF4596922ACDA6 /* Sources */ = {
			isa = PBXSourcesBuildPhase;
			buildActionMask = 2147483647;
			files = (
				EC94A9B4E2F84CE68BCED451 /* Demo.cpp in Sources */,
			);
			runOnlyForDeploymentPostprocessing = 0;
		};
/* End PBXSourcesBuildPhase section */

/* Begin XCBuildConfiguration section */
		062C6B071CDC47F09990F821 /* Release */ = {
			isa = XCBuildConfiguration;
			buildSettings = {
				ARCHS = "$(NATIVE_ARCH_ACTUAL)";
				CLANG_CXX_LANGUAGE_STANDARD = "c++20";
				COMBINE_HIDPI_IMAGES = YES;
				DEBUG = OFF;
				DEBUG_INFORMATION_FORMAT = "dwarf-with-dsym";
				EMULATE65C02 = ON;
				GCC_GENERATE_DEBUGGING_SYMBOLS = NO;
				GCC_OPTIMIZATION_LEVEL = s;
				GCC_PREPROCESSOR_DEFINITIONS = (
					"'CMAKE_INTDIR=\"$(CONFIGURATION)$(EFFECTIVE_PLATFORM_NAME)\"'",
					"'ILLEGAL=$(ILLEGAL)'",
					"'DEBUG=$(DEBUG)'",
					"'LOGMODE=$(LOGMODE)'",
					"'EMULATE65C02=$(EMULATE65C02)'",
					"'FMT_HEADER_ONLY=1'",
					SPDLOG_FMT_EXTERNAL,
					FMT_SHARED,
					"'IMGUI_DISABLE_OBSOLETE_FUNCTIONS=$(IMGUI_DISABLE_OBSOLETE_FUNCTIONS)'",
					"'IMGUI_DISABLE_OBSOLETE_KEYIO=$(IMGUI_DISABLE_OBSOLETE_KEYIO)'",
					"'IMGUI_ENABLE_FREETYPE=$(IMGUI_ENABLE_FREETYPE)'",
					"$(inherited)",
				);
				GENERATE_INFOPLIST_FILE = YES;
				HEADER_SEARCH_PATHS = (
					"$(PROJECT_DIR)/$(TARGET_NAME)",
					/Library/Frameworks/Mono.framework/Headers,
					/usr/local/include/freetype2,
					"$(inherited)",
				);
				ILLEGAL = ON;
				IMGUI_DISABLE_OBSOLETE_FUNCTIONS = 1;
				IMGUI_DISABLE_OBSOLETE_KEYIO = 1;
				IMGUI_ENABLE_FREETYPE = 1;
				LD_RUNPATH_SEARCH_PATHS = "/usr/local/lib $(inherited)";
				LOGMODE = OFF;
				ONLY_ACTIVE_ARCH = YES;
				OTHER_CPLUSPLUSFLAGS = (
					"$(OTHER_CFLAGS)",
					"-DNDEBUG",
				);
				OTHER_LDFLAGS = (
					"-Wl,-search_paths_first",
					"-Wl,-headerpad_max_install_names",
					/usr/local/lib/libfmt.9.1.0.dylib,
					/usr/local/lib/libfreetype.dylib,
					"$(inherited)",
				);
				PRODUCT_NAME = "$(TARGET_NAME)";
				SDKROOT = macosx;
				SYMROOT = "/Users/txc/Projects/CPP/build/$(PROJECT_NAME)/$(TARGET_NAME)";
				SYSTEM_FRAMEWORK_SEARCH_PATHS = "/Applications/Xcode.app/Contents/Developer/Platforms/MacOSX.platform/Developer/SDKs/MacOSX.sdk/System/Library/Frameworks $(inherited)";
				SYSTEM_HEADER_SEARCH_PATHS = "/usr/local/include $(inherited)";
				USE_HEADERMAP = NO;
			};
			name = Release;
		};
		37319F86DC4846B9B8DF62BD /* Debug */ = {
			isa = XCBuildConfiguration;
			buildSettings = {
				HEADER_SEARCH_PATHS = (
					"$(PROJECT_DIR)/$(TARGET_NAME)",
					/Library/Frameworks/Mono.framework/Headers,
					/usr/local/include/freetype2,
					"$(inherited)",
					/Users/txc/Projects/CPP/includes/imgui,
					/Users/txc/Projects/CPP/includes/imgui/backends,
					/usr/local/include/glfw,
				);
				LIBRARY_SEARCH_PATHS = (
					"$(inherited)",
					/usr/local/Cellar/glfw/3.3.8/lib,
				);
				OTHER_CPLUSPLUSFLAGS = "$(inherited)";
				SYSTEM_HEADER_SEARCH_PATHS = "/usr/local/include $(inherited) /usr/local/include/glfw";
			};
			name = Debug;
		};
		AD79F58DD09D48D7B1E7A0DF /* Debug */ = {
			isa = XCBuildConfiguration;
			buildSettings = {
			};
			name = Debug;
		};
		B60E9E7E34CF410FA12420BD /* Release */ = {
			isa = XCBuildConfiguration;
			buildSettings = {
			};
			name = Release;
		};
		B959E995B80F42D699EC1FFA /* Debug */ = {
			isa = XCBuildConfiguration;
			buildSettings = {
				ARCHS = "$(NATIVE_ARCH_ACTUAL)";
				CLANG_CXX_LANGUAGE_STANDARD = "c++20";
				COMBINE_HIDPI_IMAGES = YES;
				DEBUG = ON;
				DEBUG_INFORMATION_FORMAT = dwarf;
				EMULATE65C02 = ON;
				GCC_OPTIMIZATION_LEVEL = 0;
				GCC_PREPROCESSOR_DEFINITIONS = (
					"'CMAKE_INTDIR=\"$(CONFIGURATION)$(EFFECTIVE_PLATFORM_NAME)\"'",
					"'ILLEGAL=$(ILLEGAL)'",
					"'DEBUG=$(DEBUG)'",
					"'LOGMODE=$(LOGMODE)'",
					"'EMULATE65C02=$(EMULATE65C02)'",
					"'FMT_HEADER_ONLY=1'",
					SPDLOG_FMT_EXTERNAL,
					FMT_SHARED,
					"'IMGUI_DISABLE_OBSOLETE_FUNCTIONS=$(IMGUI_DISABLE_OBSOLETE_FUNCTIONS)'",
					"'IMGUI_DISABLE_OBSOLETE_KEYIO=$(IMGUI_DISABLE_OBSOLETE_KEYIO)'",
					"'IMGUI_ENABLE_FREETYPE=$(IMGUI_ENABLE_FREETYPE)'",
					"$(inherited)",
				);
				GENERATE_INFOPLIST_FILE = YES;
				HEADER_SEARCH_PATHS = (
					"$(PROJECT_DIR)/$(TARGET_NAME)",
					/Library/Frameworks/Mono.framework/Headers,
					/usr/local/include/freetype2,
					"$(inherited)",
				);
				ILLEGAL = ON;
				IMGUI_DISABLE_OBSOLETE_FUNCTIONS = 1;
				IMGUI_DISABLE_OBSOLETE_KEYIO = 1;
				IMGUI_ENABLE_FREETYPE = 1;
				LD_RUNPATH_SEARCH_PATHS = "/usr/local/lib $(inherited)";
				LOGMODE = ON;
				ONLY_ACTIVE_ARCH = YES;
				OTHER_CPLUSPLUSFLAGS = "$(OTHER_CFLAGS)";
				OTHER_LDFLAGS = (
					"-Wl,-search_paths_first",
					"-Wl,-headerpad_max_install_names",
					/usr/local/lib/libfmt.9.1.0.dylib,
					/usr/local/lib/libfreetype.dylib,
					"$(inherited)",
				);
				PRODUCT_NAME = "$(TARGET_NAME)";
				SDKROOT = macosx;
				SYMROOT = "/Users/txc/Projects/CPP/build/$(PROJECT_NAME)/$(TARGET_NAME)";
				SYSTEM_FRAMEWORK_SEARCH_PATHS = "/Applications/Xcode.app/Contents/Developer/Platforms/MacOSX.platform/Developer/SDKs/MacOSX.sdk/System/Library/Frameworks $(inherited)";
				SYSTEM_HEADER_SEARCH_PATHS = "/usr/local/include $(inherited)";
				USE_HEADERMAP = NO;
			};
			name = Debug;
		};
		C4EBD798FF364BE0B71EFD68 /* Release */ = {
			isa = XCBuildConfiguration;
			buildSettings = {
				HEADER_SEARCH_PATHS = (
					"$(PROJECT_DIR)/$(TARGET_NAME)",
					/Library/Frameworks/Mono.framework/Headers,
					/usr/local/include/freetype2,
					"$(inherited)",
					/Users/txc/Projects/CPP/includes/imgui,
					/Users/txc/Projects/CPP/includes/imgui/backends,
					/usr/local/include/glfw,
				);
				LIBRARY_SEARCH_PATHS = (
					"$(inherited)",
					/usr/local/Cellar/glfw/3.3.8/lib,
				);
				OTHER_CPLUSPLUSFLAGS = "$(inherited)";
				SYSTEM_HEADER_SEARCH_PATHS = "/usr/local/include $(inherited) /usr/local/include/glfw";
			};
			name = Release;
		};
		D0FD1A8E3DCC423EA0C77220 /* Release */ = {
			isa = XCBuildConfiguration;
			buildSettings = {
				HEADER_SEARCH_PATHS = (
					"$(PROJECT_DIR)/$(TARGET_NAME)",
					/Library/Frameworks/Mono.framework/Headers,
					/usr/local/include/freetype2,
					"$(inherited)",
					/usr/local/include/GLFW,
					/Users/txc/Projects/CPP/Processor/,
					/Users/txc/Projects/CPP/includes/imgui/,
					/Users/txc/Projects/CPP/includes/imgui/backends/,
				);
				LIBRARY_SEARCH_PATHS = (
					"$(inherited)",
					/usr/local/Cellar/glfw/3.3.8/lib,
				);
				OTHER_CPLUSPLUSFLAGS = "$(inherited)";
				OTHER_LDFLAGS = "$(inherited)";
				SYSTEM_HEADER_SEARCH_PATHS = "/usr/local/include /usr/local/include/GLFW/ $(inherited)";
			};
			name = Release;
		};
		E4DF3E177A3C460489E82CC5 /* Debug */ = {
			isa = XCBuildConfiguration;
			buildSettings = {
				HEADER_SEARCH_PATHS = (
					"$(PROJECT_DIR)/$(TARGET_NAME)",
					/Library/Frameworks/Mono.framework/Headers,
					/usr/local/include/freetype2,
					"$(inherited)",
					/usr/local/include/GLFW,
					/Users/txc/Projects/CPP/Processor/,
					/Users/txc/Projects/CPP/includes/imgui/,
					/Users/txc/Projects/CPP/includes/imgui/backends/,
				);
				LIBRARY_SEARCH_PATHS = (
					"$(inherited)",
					/usr/local/Cellar/glfw/3.3.8/lib,
				);
				OTHER_CPLUSPLUSFLAGS = "$(inherited)";
				OTHER_LDFLAGS = "$(inherited)";
				SYSTEM_HEADER_SEARCH_PATHS = "/usr/local/include /usr/local/include/GLFW/ $(inherited)";
			};
			name = Debug;
		};
/* End XCBuildConfiguration section */

/* Begin XCConfigurationList section */
		3B3D5A7C7896408BA043EBCE /* Build configuration list for PBXNativeTarget "Demo" */ = {
			isa = XCConfigurationList;
			buildConfigurations = (
				AD79F58DD09D48D7B1E7A0DF /* Debug */,
				B60E9E7E34CF410FA12420BD /* Release */,
			);
			defaultConfigurationIsVisible = 0;
			defaultConfigurationName = Debug;
		};
		62A702EBDE174DF69079EA8D /* Build configuration list for PBXProject "6502_UserInterfaces" */ = {
			isa = XCConfigurationList;
			buildConfigurations = (
				B959E995B80F42D699EC1FFA /* Debug */,
				062C6B071CDC47F09990F821 /* Release */,
			);
			defaultConfigurationIsVisible = 0;
			defaultConfigurationName = Debug;
		};
		B29DD5FA29A54BEFB2575D69 /* Build configuration list for PBXNativeTarget "ImGuiDemo" */ = {
			isa = XCConfigurationList;
			buildConfigurations = (
				37319F86DC4846B9B8DF62BD /* Debug */,
				C4EBD798FF364BE0B71EFD68 /* Release */,
			);
			defaultConfigurationIsVisible = 0;
			defaultConfigurationName = Debug;
		};
		B3C016BF270C41E483B30A53 /* Build configuration list for PBXNativeTarget "Simulator" */ = {
			isa = XCConfigurationList;
			buildConfigurations = (
				E4DF3E177A3C460489E82CC5 /* Debug */,
				D0FD1A8E3DCC423EA0C77220 /* Release */,
			);
			defaultConfigurationIsVisible = 0;
			defaultConfigurationName = Debug;
		};
/* End XCConfigurationList section */
	};
	rootObject = 07F0F986ACD049E383ABFBAC /* Project object */;
}
