// !$*UTF8*$!
{
	archiveVersion = 1;
	classes = {
	};
	objectVersion = 56;
	objects = {
/* Begin PBXFileReference section */
		F951FC5B2993F885001AD883 /* Mapper_003.cpp */ = {isa = PBXFileReference; fileEncoding = 4; lastKnownFileType = sourcecode.cpp.cpp; path = Mapper_003.cpp; sourceTree = SOURCE_ROOT; };
		F951FC5C2993F885001AD883 /* Mapper_066.hpp */ = {isa = PBXFileReference; fileEncoding = 4; lastKnownFileType = sourcecode.cpp.h; path = Mapper_066.hpp; sourceTree = SOURCE_ROOT; settings = {ATTRIBUTES = (Public, ); }; };
		F951FC5D2993F885001AD883 /* Mapper_000.cpp */ = {isa = PBXFileReference; fileEncoding = 4; lastKnownFileType = sourcecode.cpp.cpp; path = Mapper_000.cpp; sourceTree = SOURCE_ROOT; };
		F951FC5E2993F885001AD883 /* Mapper_004.cpp */ = {isa = PBXFileReference; fileEncoding = 4; lastKnownFileType = sourcecode.cpp.cpp; path = Mapper_004.cpp; sourceTree = SOURCE_ROOT; };
		F951FC5F2993F885001AD883 /* Mapper_004.hpp */ = {isa = PBXFileReference; fileEncoding = 4; lastKnownFileType = sourcecode.cpp.h; path = Mapper_004.hpp; sourceTree = SOURCE_ROOT; settings = {ATTRIBUTES = (Public, ); }; };
		F951FC602993F885001AD883 /* Mapper_001.cpp */ = {isa = PBXFileReference; fileEncoding = 4; lastKnownFileType = sourcecode.cpp.cpp; path = Mapper_001.cpp; sourceTree = SOURCE_ROOT; };
		F951FC612993F885001AD883 /* Mapper.cpp */ = {isa = PBXFileReference; fileEncoding = 4; lastKnownFileType = sourcecode.cpp.cpp; path = Mapper.cpp; sourceTree = SOURCE_ROOT; };
		F951FC622993F885001AD883 /* Mapper_002.cpp */ = {isa = PBXFileReference; fileEncoding = 4; lastKnownFileType = sourcecode.cpp.cpp; path = Mapper_002.cpp; sourceTree = SOURCE_ROOT; };
		F951FC632993F885001AD883 /* Mapper_001.hpp */ = {isa = PBXFileReference; fileEncoding = 4; lastKnownFileType = sourcecode.cpp.h; path = Mapper_001.hpp; sourceTree = SOURCE_ROOT; settings = {ATTRIBUTES = (Public, ); }; };
		F951FC642993F885001AD883 /* Mapper_000.hpp */ = {isa = PBXFileReference; fileEncoding = 4; lastKnownFileType = sourcecode.cpp.h; path = Mapper_000.hpp; sourceTree = SOURCE_ROOT; settings = {ATTRIBUTES = (Public, ); }; };
		F951FC652993F885001AD883 /* Mapper_003.hpp */ = {isa = PBXFileReference; fileEncoding = 4; lastKnownFileType = sourcecode.cpp.h; path = Mapper_003.hpp; sourceTree = SOURCE_ROOT; settings = {ATTRIBUTES = (Public, ); }; };
		F951FC662993F885001AD883 /* Mapper_066.cpp */ = {isa = PBXFileReference; fileEncoding = 4; lastKnownFileType = sourcecode.cpp.cpp; path = Mapper_066.cpp; sourceTree = SOURCE_ROOT; };
		F951FC672993F885001AD883 /* Mapper_002.hpp */ = {isa = PBXFileReference; fileEncoding = 4; lastKnownFileType = sourcecode.cpp.h; path = Mapper_002.hpp; sourceTree = SOURCE_ROOT; settings = {ATTRIBUTES = (Public, ); }; };
		F951FC682993F885001AD883 /* Mapper.hpp */ = {isa = PBXFileReference; fileEncoding = 4; lastKnownFileType = sourcecode.cpp.h; path = Mapper.hpp; sourceTree = SOURCE_ROOT; settings = {ATTRIBUTES = (Public, ); }; };
		F951FC722993F8BB001AD883 /* Graphics.cpp */ = {isa = PBXFileReference; fileEncoding = 4; lastKnownFileType = sourcecode.cpp.cpp; path = Graphics.cpp; sourceTree = "<group>"; };
		F951FC732993F8BB001AD883 /* APU.cpp */ = {isa = PBXFileReference; fileEncoding = 4; lastKnownFileType = sourcecode.cpp.cpp; path = APU.cpp; sourceTree = "<group>"; };
		F951FC742993F8BB001AD883 /* PPU.cpp */ = {isa = PBXFileReference; fileEncoding = 4; lastKnownFileType = sourcecode.cpp.cpp; path = PPU.cpp; sourceTree = "<group>"; };
		F951FC752993F8BB001AD883 /* Cartridge.cpp */ = {isa = PBXFileReference; fileEncoding = 4; lastKnownFileType = sourcecode.cpp.cpp; path = Cartridge.cpp; sourceTree = "<group>"; };
		F951FC7A2993F8CF001AD883 /* Cartridge.hpp */ = {isa = PBXFileReference; lastKnownFileType = sourcecode.cpp.h; path = Cartridge.hpp; sourceTree = "<group>"; settings = {ATTRIBUTES = (Public, ); }; };
		F951FC7B2993F8CF001AD883 /* Graphics.hpp */ = {isa = PBXFileReference; lastKnownFileType = sourcecode.cpp.h; path = Graphics.hpp; sourceTree = "<group>"; settings = {ATTRIBUTES = (Public, ); }; };
		F951FC7C2993F8CF001AD883 /* APU.hpp */ = {isa = PBXFileReference; lastKnownFileType = sourcecode.cpp.h; path = APU.hpp; sourceTree = "<group>"; settings = {ATTRIBUTES = (Public, ); }; };
		F951FC7E2993F8CF001AD883 /* PPU.hpp */ = {isa = PBXFileReference; lastKnownFileType = sourcecode.cpp.h; path = PPU.hpp; sourceTree = "<group>"; settings = {ATTRIBUTES = (Public, ); }; };
		F951FC8329940E55001AD883 /* libNES.a */ = {isa = PBXFileReference; explicitFileType = archive.ar; includeInIndex = 0; path = libNES.a; sourceTree = BUILT_PRODUCTS_DIR; };
		F951FC8829940F3F001AD883 /* libProcessor.a */ = {isa = PBXFileReference; explicitFileType = archive.ar; path = libProcessor.a; sourceTree = BUILT_PRODUCTS_DIR; };
/* End PBXFileReference section */

/* Begin PBXFrameworksBuildPhase section */
		F951FC8129940E55001AD883 /* Frameworks */ = {
			isa = PBXFrameworksBuildPhase;
			buildActionMask = 2147483647;
			files = (
				F951FC8829940F3F001AD883 /* libProcessor.a in Frameworks */,
			);
			runOnlyForDeploymentPostprocessing = 0;
		};
/* End PBXFrameworksBuildPhase section */

/* Begin PBXGroup section */
		F951FC572993F7C0001AD883 /* Mappers */ = {
			isa = PBXGroup;
			children = (
				F951FC5D2993F885001AD883 /* Mapper_000.cpp */,
				F951FC642993F885001AD883 /* Mapper_000.hpp */,
				F951FC602993F885001AD883 /* Mapper_001.cpp */,
				F951FC632993F885001AD883 /* Mapper_001.hpp */,
				F951FC622993F885001AD883 /* Mapper_002.cpp */,
				F951FC672993F885001AD883 /* Mapper_002.hpp */,
				F951FC5B2993F885001AD883 /* Mapper_003.cpp */,
				F951FC652993F885001AD883 /* Mapper_003.hpp */,
				F951FC5E2993F885001AD883 /* Mapper_004.cpp */,
				F951FC5F2993F885001AD883 /* Mapper_004.hpp */,
				F951FC662993F885001AD883 /* Mapper_066.cpp */,
				F951FC5C2993F885001AD883 /* Mapper_066.hpp */,
				F951FC612993F885001AD883 /* Mapper.cpp */,
				F951FC682993F885001AD883 /* Mapper.hpp */,
			);
			name = Mappers;
			sourceTree = "<group>";
		};
		F951FC5A2993F7C0001AD883 /* Misc */ = {
			isa = PBXGroup;
			children = (
				F951FC572993F7C0001AD883 /* Mappers */,
			);
			name = Misc;
			sourceTree = "<group>";
		};
		F951FC702993F898001AD883 /* Source Files */ = {
			isa = PBXGroup;
			children = (
				F951FC732993F8BB001AD883 /* APU.cpp */,
				F951FC752993F8BB001AD883 /* Cartridge.cpp */,
				F951FC722993F8BB001AD883 /* Graphics.cpp */,
				F951FC742993F8BB001AD883 /* PPU.cpp */,
			);
			name = "Source Files";
			sourceTree = "<group>";
		};
		F951FC712993F8A2001AD883 /* Header Files */ = {
			isa = PBXGroup;
			children = (
				F951FC7C2993F8CF001AD883 /* APU.hpp */,
				F951FC7A2993F8CF001AD883 /* Cartridge.hpp */,
				F951FC7B2993F8CF001AD883 /* Graphics.hpp */,
				F951FC7E2993F8CF001AD883 /* PPU.hpp */,
			);
			name = "Header Files";
			sourceTree = "<group>";
		};
		F951FC8729940F3F001AD883 /* Frameworks */ = {
			isa = PBXGroup;
			children = (
				F951FC8829940F3F001AD883 /* libProcessor.a */,
			);
			name = Frameworks;
			sourceTree = "<group>";
		};
		F96A2F002993F6D200D522EB = {
			isa = PBXGroup;
			children = (
				F96A2F0B2993F6D200D522EB /* NES */,
				F96A2F0A2993F6D200D522EB /* Products */,
				F951FC8729940F3F001AD883 /* Frameworks */,
			);
			sourceTree = "<group>";
		};
		F96A2F0A2993F6D200D522EB /* Products */ = {
			isa = PBXGroup;
			children = (
				F951FC8329940E55001AD883 /* libNES.a */,
			);
			name = Products;
			sourceTree = "<group>";
		};
		F96A2F0B2993F6D200D522EB /* NES */ = {
			isa = PBXGroup;
			children = (
				F951FC5A2993F7C0001AD883 /* Misc */,
				F951FC712993F8A2001AD883 /* Header Files */,
				F951FC702993F898001AD883 /* Source Files */,
			);
			name = NES;
			sourceTree = "<group>";
		};
/* End PBXGroup section */

/* Begin PBXHeadersBuildPhase section */
		F951FC7F29940E55001AD883 /* Headers */ = {
			isa = PBXHeadersBuildPhase;
			buildActionMask = 2147483647;
			files = (
				F951FC7C2993F8CF001AD883 /* APU.hpp in Headers */,
				F951FC7A2993F8CF001AD883 /* Cartridge.hpp in Headers */,
				F951FC7B2993F8CF001AD883 /* Graphics.hpp in Headers */,
				F951FC7E2993F8CF001AD883 /* PPU.hpp in Headers */,
				F951FC642993F885001AD883 /* Mapper_000.hpp in Headers */,
				F951FC632993F885001AD883 /* Mapper_001.hpp in Headers */,
				F951FC672993F885001AD883 /* Mapper_002.hpp in Headers */,
				F951FC652993F885001AD883 /* Mapper_003.hpp in Headers */,
				F951FC5F2993F885001AD883 /* Mapper_004.hpp in Headers */,
				F951FC5C2993F885001AD883 /* Mapper_066.hpp in Headers */,
			);
			runOnlyForDeploymentPostprocessing = 0;
		};
/* End PBXHeadersBuildPhase section */

/* Begin PBXNativeTarget section */
		F951FC8229940E55001AD883 /* NES */ = {
			isa = PBXNativeTarget;
			buildConfigurationList = F951FC8429940E55001AD883 /* Build configuration list for PBXNativeTarget "NES" */;
			buildPhases = (
				F951FC7F29940E55001AD883 /* Headers */,
				F951FC8029940E55001AD883 /* Sources */,
				F951FC8129940E55001AD883 /* Frameworks */,
			);
			buildRules = (
			);
			dependencies = (
			);
			name = NES;
			productName = 6502_NES2;
			productReference = F951FC8329940E55001AD883 /* libNES.a */;
			productType = "com.apple.product-type.library.static";
		};
/* End PBXNativeTarget section */

/* Begin PBXProject section */
		F96A2F012993F6D200D522EB /* Project object */ = {
			isa = PBXProject;
			attributes = {
				BuildIndependentTargetsInParallel = NO;
				LastUpgradeCheck = 1420;
				TargetAttributes = {
					F951FC8229940E55001AD883 = {
						CreatedOnToolsVersion = 14.2;
					};
				};
			};
			buildConfigurationList = F96A2F042993F6D200D522EB /* Build configuration list for PBXProject "6502_NES" */;
			compatibilityVersion = "Xcode 14.0";
			developmentRegion = en;
			hasScannedForEncodings = 0;
			knownRegions = (
				en,
				Base,
			);
			mainGroup = F96A2F002993F6D200D522EB;
			projectDirPath = ../../NES;
			projectRoot = "";
			targets = (
				F951FC8229940E55001AD883 /* NES */,
			);
		};
/* End PBXProject section */

/* Begin PBXSourcesBuildPhase section */
		F951FC8029940E55001AD883 /* Sources */ = {
			isa = PBXSourcesBuildPhase;
			buildActionMask = 2147483647;
			files = (
				F951FC5B2993F885001AD883 /* Mapper_003.cpp in Sources */
				F951FC5D2993F885001AD883 /* Mapper_000.cpp in Sources */
				F951FC5E2993F885001AD883 /* Mapper_004.cpp in Sources */
				F951FC602993F885001AD883 /* Mapper_001.cpp in Sources */
				F951FC612993F885001AD883 /* Mapper.cpp in Sources */
				F951FC622993F885001AD883 /* Mapper_002.cpp in Sources */
				F951FC662993F885001AD883 /* Mapper_066.cpp in Sources */
				F951FC732993F8BB001AD883 /* APU.cpp in Sources */
				F951FC742993F8BB001AD883 /* PPU.cpp in Sources */
				F951FC752993F8BB001AD883 /* Cartridge.cpp in Sources */
				F951FC7B2993F8CF001AD883 /* Graphics.cpp in Sources */,
			);
			runOnlyForDeploymentPostprocessing = 0;
		};
/* End PBXSourcesBuildPhase section */

/* Begin XCBuildConfiguration section */
		F951FC8529940E55001AD883 /* Debug */ = {
			isa = XCBuildConfiguration;
			buildSettings = {
				EXECUTABLE_PREFIX = lib;
				GCC_PREPROCESSOR_DEFINITIONS = (
					"DEBUG=1",
					"$(inherited)",
				);
				PRODUCT_NAME = "$(TARGET_NAME)";
			};
			name = Debug;
		};
		F951FC8629940E55001AD883 /* Release */ = {
			isa = XCBuildConfiguration;
			buildSettings = {
				EXECUTABLE_PREFIX = lib;
				PRODUCT_NAME = "$(TARGET_NAME)";
			};
			name = Release;
		};
		F96A2F0E2993F6D200D522EB /* Debug */ = {
			isa = XCBuildConfiguration;
			buildSettings = {
				ALWAYS_SEARCH_USER_PATHS = YES;
				ARCHS = "$(NATIVE_ARCH_ACTUAL)";
				CLANG_ANALYZER_NONNULL = YES_NONAGGRESSIVE;
				CLANG_ANALYZER_NUMBER_OBJECT_CONVERSION = YES;
				CLANG_CXX_LANGUAGE_STANDARD = "gnu++20";
				CLANG_ENABLE_MODULES = YES;
				CLANG_ENABLE_OBJC_ARC = YES;
				CLANG_ENABLE_OBJC_WEAK = YES;
				CLANG_WARN_BLOCK_CAPTURE_AUTORELEASING = YES;
				CLANG_WARN_BOOL_CONVERSION = YES;
				CLANG_WARN_COMMA = YES;
				CLANG_WARN_CONSTANT_CONVERSION = YES;
				CLANG_WARN_DEPRECATED_OBJC_IMPLEMENTATIONS = YES;
				CLANG_WARN_DIRECT_OBJC_ISA_USAGE = YES;
				CLANG_WARN_DOCUMENTATION_COMMENTS = YES;
				CLANG_WARN_EMPTY_BODY = YES;
				CLANG_WARN_ENUM_CONVERSION = YES;
				CLANG_WARN_INFINITE_RECURSION = YES;
				CLANG_WARN_INT_CONVERSION = YES;
				CLANG_WARN_NON_LITERAL_NULL_CONVERSION = YES;
				CLANG_WARN_OBJC_IMPLICIT_RETAIN_SELF = YES;
				CLANG_WARN_OBJC_LITERAL_CONVERSION = YES;
				CLANG_WARN_OBJC_ROOT_CLASS = YES_ERROR;
				CLANG_WARN_QUOTED_INCLUDE_IN_FRAMEWORK_HEADER = YES;
				CLANG_WARN_RANGE_LOOP_ANALYSIS = YES;
				CLANG_WARN_STRICT_PROTOTYPES = YES;
				CLANG_WARN_SUSPICIOUS_MOVE = YES;
				CLANG_WARN_UNGUARDED_AVAILABILITY = YES_AGGRESSIVE;
				CLANG_WARN_UNREACHABLE_CODE = YES;
				CLANG_WARN__DUPLICATE_METHOD_MATCH = NO;
				COMBINE_HIDPI_IMAGES = YES;
				COPY_PHASE_STRIP = NO;
				DEBUG = ON;
				DEBUG_INFORMATION_FORMAT = dwarf;
				EMULATE65C02 = ON;
				ENABLE_STRICT_OBJC_MSGSEND = YES;
				ENABLE_TESTABILITY = NO;
				EXECUTABLE_EXTENSION = a;
				EXECUTABLE_PREFIX = lib;
				GCC_C_LANGUAGE_STANDARD = "compiler-default";
				GCC_DYNAMIC_NO_PIC = NO;
				GCC_NO_COMMON_BLOCKS = YES;
				GCC_OPTIMIZATION_LEVEL = 0;
				GCC_PREPROCESSOR_DEFINITIONS = (
					"'CMAKE_INTDIR=\"$(CONFIGURATION)$(EFFECTIVE_PLATFORM_NAME)\"'",
					"LOGMODE=$(LOGMODE)",
					"ILLEGAL=$(ILLEGAL)",
					"DEBUG=$(DEBUG)",
					"EMULATE65C02=$(EMULATE65C02)",
					"'FMT_HEADER_ONLY=1'",
					SPDLOG_FMT_EXTERNAL,
					FMT_SHARED,
				);
				GCC_WARN_64_TO_32_BIT_CONVERSION = YES;
				GCC_WARN_ABOUT_RETURN_TYPE = YES_ERROR;
				GCC_WARN_UNDECLARED_SELECTOR = YES;
				GCC_WARN_UNINITIALIZED_AUTOS = YES_AGGRESSIVE;
				GCC_WARN_UNUSED_FUNCTION = YES;
				GCC_WARN_UNUSED_VARIABLE = YES;
				GENERATE_INFOPLIST_FILE = YES;
				HEADER_SEARCH_PATHS = (
					/Users/txc/Projects/CPP/NES,
					/Users/txc/Projects/CPP/Processor,
				);
				ILLEGAL = ON;
				LOGMODE = ON;
				MACH_O_TYPE = staticlib;
				MTL_ENABLE_DEBUG_INFO = INCLUDE_SOURCE;
				MTL_FAST_MATH = YES;
				ONLY_ACTIVE_ARCH = YES;
				OTHER_CPLUSPLUSFLAGS = (
					"$(OTHER_CFLAGS)",
					"-DNDEBUG",
				);
				PRODUCT_NAME = "$(TARGET_NAME)";
				SDKROOT = macosx;
				SYMROOT = "/Users/txc/Projects/CPP/build/$(PROJECT_NAME)/$(TARGET_NAME)";
				SYSTEM_HEADER_SEARCH_PATHS = /usr/local/include;
				USE_HEADERMAP = NO;
			};
			name = Debug;
		};
		F96A2F0F2993F6D200D522EB /* Release */ = {
			isa = XCBuildConfiguration;
			buildSettings = {
				ALWAYS_SEARCH_USER_PATHS = YES;
				ARCHS = "$(NATIVE_ARCH_ACTUAL)";
				CLANG_ANALYZER_NONNULL = YES_NONAGGRESSIVE;
				CLANG_ANALYZER_NUMBER_OBJECT_CONVERSION = YES;
				CLANG_CXX_LANGUAGE_STANDARD = "gnu++20";
				CLANG_ENABLE_MODULES = YES;
				CLANG_ENABLE_OBJC_ARC = YES;
				CLANG_ENABLE_OBJC_WEAK = YES;
				CLANG_WARN_BLOCK_CAPTURE_AUTORELEASING = YES;
				CLANG_WARN_BOOL_CONVERSION = YES;
				CLANG_WARN_COMMA = YES;
				CLANG_WARN_CONSTANT_CONVERSION = YES;
				CLANG_WARN_DEPRECATED_OBJC_IMPLEMENTATIONS = YES;
				CLANG_WARN_DIRECT_OBJC_ISA_USAGE = YES;
				CLANG_WARN_DOCUMENTATION_COMMENTS = YES;
				CLANG_WARN_EMPTY_BODY = YES;
				CLANG_WARN_ENUM_CONVERSION = YES;
				CLANG_WARN_INFINITE_RECURSION = YES;
				CLANG_WARN_INT_CONVERSION = YES;
				CLANG_WARN_NON_LITERAL_NULL_CONVERSION = YES;
				CLANG_WARN_OBJC_IMPLICIT_RETAIN_SELF = YES;
				CLANG_WARN_OBJC_LITERAL_CONVERSION = YES;
				CLANG_WARN_OBJC_ROOT_CLASS = YES_ERROR;
				CLANG_WARN_QUOTED_INCLUDE_IN_FRAMEWORK_HEADER = YES;
				CLANG_WARN_RANGE_LOOP_ANALYSIS = YES;
				CLANG_WARN_STRICT_PROTOTYPES = YES;
				CLANG_WARN_SUSPICIOUS_MOVE = YES;
				CLANG_WARN_UNGUARDED_AVAILABILITY = YES_AGGRESSIVE;
				CLANG_WARN_UNREACHABLE_CODE = YES;
				CLANG_WARN__DUPLICATE_METHOD_MATCH = NO;
				COMBINE_HIDPI_IMAGES = YES;
				COPY_PHASE_STRIP = NO;
				DEBUG = OFF;
				DEBUG_INFORMATION_FORMAT = "dwarf-with-dsym";
				EMULATE65C02 = ON;
				ENABLE_NS_ASSERTIONS = NO;
				ENABLE_STRICT_OBJC_MSGSEND = YES;
				EXECUTABLE_EXTENSION = a;
				EXECUTABLE_PREFIX = lib;
				GCC_C_LANGUAGE_STANDARD = "compiler-default";
				GCC_NO_COMMON_BLOCKS = YES;
				GCC_OPTIMIZATION_LEVEL = s;
				GCC_PREPROCESSOR_DEFINITIONS = (
					"'CMAKE_INTDIR=\"$(CONFIGURATION)$(EFFECTIVE_PLATFORM_NAME)\"'",
					"LOGMODE=$(LOGMODE)",
					"ILLEGAL=$(ILLEGAL)",
					"DEBUG=$(DEBUG)",
					"EMULATE65C02=$(EMULATE65C02)",
					"'FMT_HEADER_ONLY=1'",
					SPDLOG_FMT_EXTERNAL,
					FMT_SHARED,
				);
				GCC_WARN_64_TO_32_BIT_CONVERSION = YES;
				GCC_WARN_ABOUT_RETURN_TYPE = YES_ERROR;
				GCC_WARN_UNDECLARED_SELECTOR = YES;
				GCC_WARN_UNINITIALIZED_AUTOS = YES_AGGRESSIVE;
				GCC_WARN_UNUSED_FUNCTION = YES;
				GCC_WARN_UNUSED_VARIABLE = YES;
				GENERATE_INFOPLIST_FILE = YES;
				HEADER_SEARCH_PATHS = (
					/Users/txc/Projects/CPP/NES,
					/Users/txc/Projects/CPP/Processor,
				);
				ILLEGAL = ON;
				LOGMODE = OFF;
				MACH_O_TYPE = staticlib;
				MTL_ENABLE_DEBUG_INFO = NO;
				MTL_FAST_MATH = YES;
				ONLY_ACTIVE_ARCH = YES;
				OTHER_CPLUSPLUSFLAGS = (
					"$(OTHER_CFLAGS)",
					"-DNDEBUG",
				);
				PRODUCT_NAME = "$(TARGET_NAME)";
				SDKROOT = macosx;
				SYMROOT = "/Users/txc/Projects/CPP/build/$(PROJECT_NAME)/$(TARGET_NAME)";
				SYSTEM_HEADER_SEARCH_PATHS = /usr/local/include;
				USE_HEADERMAP = NO;
			};
			name = Release;
		};
/* End XCBuildConfiguration section */

/* Begin XCConfigurationList section */
		F951FC8429940E55001AD883 /* Build configuration list for PBXNativeTarget "NES" */ = {
			isa = XCConfigurationList;
			buildConfigurations = (
				F951FC8529940E55001AD883 /* Debug */,
				F951FC8629940E55001AD883 /* Release */,
			);
			defaultConfigurationIsVisible = 0;
			defaultConfigurationName = Debug;
		};
		F96A2F042993F6D200D522EB /* Build configuration list for PBXProject "6502_NES" */ = {
			isa = XCConfigurationList;
			buildConfigurations = (
				F96A2F0E2993F6D200D522EB /* Debug */,
				F96A2F0F2993F6D200D522EB /* Release */,
			);
			defaultConfigurationIsVisible = 0;
			defaultConfigurationName = Debug;
		};
/* End XCConfigurationList section */
	};
	rootObject = F96A2F012993F6D200D522EB /* Project object */;
}
